// !$*UTF8*$!
{
	archiveVersion = 1;
	classes = {
	};
	objectVersion = 56;
	objects = {

/* Begin PBXBuildFile section */
		C4445E1A2AEFBFAD00BB9504 /* StarlightDiaryApp.swift in Sources */ = {isa = PBXBuildFile; fileRef = C4445E192AEFBFAD00BB9504 /* StarlightDiaryApp.swift */; };
		C4445E1C2AEFBFAD00BB9504 /* ContentView.swift in Sources */ = {isa = PBXBuildFile; fileRef = C4445E1B2AEFBFAD00BB9504 /* ContentView.swift */; };
		C4445E1E2AEFBFAE00BB9504 /* Assets.xcassets in Resources */ = {isa = PBXBuildFile; fileRef = C4445E1D2AEFBFAE00BB9504 /* Assets.xcassets */; };
		C4445E222AEFBFAE00BB9504 /* Preview Assets.xcassets in Resources */ = {isa = PBXBuildFile; fileRef = C4445E212AEFBFAE00BB9504 /* Preview Assets.xcassets */; };
		C4445E2C2AEFBFAE00BB9504 /* StarlightDiaryTests.swift in Sources */ = {isa = PBXBuildFile; fileRef = C4445E2B2AEFBFAE00BB9504 /* StarlightDiaryTests.swift */; };
		C4445E362AEFBFAF00BB9504 /* StarlightDiaryUITests.swift in Sources */ = {isa = PBXBuildFile; fileRef = C4445E352AEFBFAF00BB9504 /* StarlightDiaryUITests.swift */; };
		C4445E382AEFBFAF00BB9504 /* StarlightDiaryUITestsLaunchTests.swift in Sources */ = {isa = PBXBuildFile; fileRef = C4445E372AEFBFAF00BB9504 /* StarlightDiaryUITestsLaunchTests.swift */; };
/* End PBXBuildFile section */

/* Begin PBXContainerItemProxy section */
		C4445E282AEFBFAE00BB9504 /* PBXContainerItemProxy */ = {
			isa = PBXContainerItemProxy;
			containerPortal = C4445E0E2AEFBFAD00BB9504 /* Project object */;
			proxyType = 1;
			remoteGlobalIDString = C4445E152AEFBFAD00BB9504;
			remoteInfo = StarlightDiary;
		};
		C4445E322AEFBFAF00BB9504 /* PBXContainerItemProxy */ = {
			isa = PBXContainerItemProxy;
			containerPortal = C4445E0E2AEFBFAD00BB9504 /* Project object */;
			proxyType = 1;
			remoteGlobalIDString = C4445E152AEFBFAD00BB9504;
			remoteInfo = StarlightDiary;
		};
/* End PBXContainerItemProxy section */

/* Begin PBXFileReference section */
		C4445E162AEFBFAD00BB9504 /* StarlightDiary.app */ = {isa = PBXFileReference; explicitFileType = wrapper.application; includeInIndex = 0; path = StarlightDiary.app; sourceTree = BUILT_PRODUCTS_DIR; };
		C4445E192AEFBFAD00BB9504 /* StarlightDiaryApp.swift */ = {isa = PBXFileReference; lastKnownFileType = sourcecode.swift; path = StarlightDiaryApp.swift; sourceTree = "<group>"; };
		C4445E1B2AEFBFAD00BB9504 /* ContentView.swift */ = {isa = PBXFileReference; lastKnownFileType = sourcecode.swift; path = ContentView.swift; sourceTree = "<group>"; };
		C4445E1D2AEFBFAE00BB9504 /* Assets.xcassets */ = {isa = PBXFileReference; lastKnownFileType = folder.assetcatalog; path = Assets.xcassets; sourceTree = "<group>"; };
		C4445E1F2AEFBFAE00BB9504 /* StarlightDiary.entitlements */ = {isa = PBXFileReference; lastKnownFileType = text.plist.entitlements; path = StarlightDiary.entitlements; sourceTree = "<group>"; };
		C4445E212AEFBFAE00BB9504 /* Preview Assets.xcassets */ = {isa = PBXFileReference; lastKnownFileType = folder.assetcatalog; path = "Preview Assets.xcassets"; sourceTree = "<group>"; };
		C4445E272AEFBFAE00BB9504 /* StarlightDiaryTests.xctest */ = {isa = PBXFileReference; explicitFileType = wrapper.cfbundle; includeInIndex = 0; path = StarlightDiaryTests.xctest; sourceTree = BUILT_PRODUCTS_DIR; };
		C4445E2B2AEFBFAE00BB9504 /* StarlightDiaryTests.swift */ = {isa = PBXFileReference; lastKnownFileType = sourcecode.swift; path = StarlightDiaryTests.swift; sourceTree = "<group>"; };
		C4445E312AEFBFAF00BB9504 /* StarlightDiaryUITests.xctest */ = {isa = PBXFileReference; explicitFileType = wrapper.cfbundle; includeInIndex = 0; path = StarlightDiaryUITests.xctest; sourceTree = BUILT_PRODUCTS_DIR; };
		C4445E352AEFBFAF00BB9504 /* StarlightDiaryUITests.swift */ = {isa = PBXFileReference; lastKnownFileType = sourcecode.swift; path = StarlightDiaryUITests.swift; sourceTree = "<group>"; };
		C4445E372AEFBFAF00BB9504 /* StarlightDiaryUITestsLaunchTests.swift */ = {isa = PBXFileReference; lastKnownFileType = sourcecode.swift; path = StarlightDiaryUITestsLaunchTests.swift; sourceTree = "<group>"; };
/* End PBXFileReference section */

/* Begin PBXFrameworksBuildPhase section */
		C4445E132AEFBFAD00BB9504 /* Frameworks */ = {
			isa = PBXFrameworksBuildPhase;
			buildActionMask = 2147483647;
			files = (
			);
			runOnlyForDeploymentPostprocessing = 0;
		};
		C4445E242AEFBFAE00BB9504 /* Frameworks */ = {
			isa = PBXFrameworksBuildPhase;
			buildActionMask = 2147483647;
			files = (
			);
			runOnlyForDeploymentPostprocessing = 0;
		};
		C4445E2E2AEFBFAF00BB9504 /* Frameworks */ = {
			isa = PBXFrameworksBuildPhase;
			buildActionMask = 2147483647;
			files = (
			);
			runOnlyForDeploymentPostprocessing = 0;
		};
/* End PBXFrameworksBuildPhase section */

/* Begin PBXGroup section */
		C4445E0D2AEFBFAD00BB9504 = {
			isa = PBXGroup;
			children = (
				C4445E182AEFBFAD00BB9504 /* StarlightDiary */,
				C4445E2A2AEFBFAE00BB9504 /* StarlightDiaryTests */,
				C4445E342AEFBFAF00BB9504 /* StarlightDiaryUITests */,
				C4445E172AEFBFAD00BB9504 /* Products */,
			);
			sourceTree = "<group>";
		};
		C4445E172AEFBFAD00BB9504 /* Products */ = {
			isa = PBXGroup;
			children = (
				C4445E162AEFBFAD00BB9504 /* StarlightDiary.app */,
				C4445E272AEFBFAE00BB9504 /* StarlightDiaryTests.xctest */,
				C4445E312AEFBFAF00BB9504 /* StarlightDiaryUITests.xctest */,
			);
			name = Products;
			sourceTree = "<group>";
		};
		C4445E182AEFBFAD00BB9504 /* StarlightDiary */ = {
			isa = PBXGroup;
			children = (
				C4445E192AEFBFAD00BB9504 /* StarlightDiaryApp.swift */,
				C4445E1B2AEFBFAD00BB9504 /* ContentView.swift */,
				C4445E1D2AEFBFAE00BB9504 /* Assets.xcassets */,
				C4445E1F2AEFBFAE00BB9504 /* StarlightDiary.entitlements */,
				C4445E202AEFBFAE00BB9504 /* Preview Content */,
			);
			path = StarlightDiary;
			sourceTree = "<group>";
		};
		C4445E202AEFBFAE00BB9504 /* Preview Content */ = {
			isa = PBXGroup;
			children = (
				C4445E212AEFBFAE00BB9504 /* Preview Assets.xcassets */,
			);
			path = "Preview Content";
			sourceTree = "<group>";
		};
		C4445E2A2AEFBFAE00BB9504 /* StarlightDiaryTests */ = {
			isa = PBXGroup;
			children = (
				C4445E2B2AEFBFAE00BB9504 /* StarlightDiaryTests.swift */,
			);
			path = StarlightDiaryTests;
			sourceTree = "<group>";
		};
		C4445E342AEFBFAF00BB9504 /* StarlightDiaryUITests */ = {
			isa = PBXGroup;
			children = (
				C4445E352AEFBFAF00BB9504 /* StarlightDiaryUITests.swift */,
				C4445E372AEFBFAF00BB9504 /* StarlightDiaryUITestsLaunchTests.swift */,
			);
			path = StarlightDiaryUITests;
			sourceTree = "<group>";
		};
/* End PBXGroup section */

/* Begin PBXNativeTarget section */
		C4445E152AEFBFAD00BB9504 /* StarlightDiary */ = {
			isa = PBXNativeTarget;
			buildConfigurationList = C4445E3B2AEFBFAF00BB9504 /* Build configuration list for PBXNativeTarget "StarlightDiary" */;
			buildPhases = (
				C4445E122AEFBFAD00BB9504 /* Sources */,
				C4445E132AEFBFAD00BB9504 /* Frameworks */,
				C4445E142AEFBFAD00BB9504 /* Resources */,
			);
			buildRules = (
			);
			dependencies = (
			);
			name = StarlightDiary;
			productName = StarlightDiary;
			productReference = C4445E162AEFBFAD00BB9504 /* StarlightDiary.app */;
			productType = "com.apple.product-type.application";
		};
		C4445E262AEFBFAE00BB9504 /* StarlightDiaryTests */ = {
			isa = PBXNativeTarget;
			buildConfigurationList = C4445E3E2AEFBFAF00BB9504 /* Build configuration list for PBXNativeTarget "StarlightDiaryTests" */;
			buildPhases = (
				C4445E232AEFBFAE00BB9504 /* Sources */,
				C4445E242AEFBFAE00BB9504 /* Frameworks */,
				C4445E252AEFBFAE00BB9504 /* Resources */,
			);
			buildRules = (
			);
			dependencies = (
				C4445E292AEFBFAE00BB9504 /* PBXTargetDependency */,
			);
			name = StarlightDiaryTests;
			productName = StarlightDiaryTests;
			productReference = C4445E272AEFBFAE00BB9504 /* StarlightDiaryTests.xctest */;
			productType = "com.apple.product-type.bundle.unit-test";
		};
		C4445E302AEFBFAF00BB9504 /* StarlightDiaryUITests */ = {
			isa = PBXNativeTarget;
			buildConfigurationList = C4445E412AEFBFAF00BB9504 /* Build configuration list for PBXNativeTarget "StarlightDiaryUITests" */;
			buildPhases = (
				C4445E2D2AEFBFAF00BB9504 /* Sources */,
				C4445E2E2AEFBFAF00BB9504 /* Frameworks */,
				C4445E2F2AEFBFAF00BB9504 /* Resources */,
			);
			buildRules = (
			);
			dependencies = (
				C4445E332AEFBFAF00BB9504 /* PBXTargetDependency */,
			);
			name = StarlightDiaryUITests;
			productName = StarlightDiaryUITests;
			productReference = C4445E312AEFBFAF00BB9504 /* StarlightDiaryUITests.xctest */;
			productType = "com.apple.product-type.bundle.ui-testing";
		};
/* End PBXNativeTarget section */

/* Begin PBXProject section */
		C4445E0E2AEFBFAD00BB9504 /* Project object */ = {
			isa = PBXProject;
			attributes = {
				BuildIndependentTargetsInParallel = 1;
				LastSwiftUpdateCheck = 1500;
				LastUpgradeCheck = 1500;
				TargetAttributes = {
					C4445E152AEFBFAD00BB9504 = {
						CreatedOnToolsVersion = 15.0.1;
					};
					C4445E262AEFBFAE00BB9504 = {
						CreatedOnToolsVersion = 15.0.1;
						TestTargetID = C4445E152AEFBFAD00BB9504;
					};
					C4445E302AEFBFAF00BB9504 = {
						CreatedOnToolsVersion = 15.0.1;
						TestTargetID = C4445E152AEFBFAD00BB9504;
					};
				};
			};
			buildConfigurationList = C4445E112AEFBFAD00BB9504 /* Build configuration list for PBXProject "StarlightDiary" */;
			compatibilityVersion = "Xcode 14.0";
			developmentRegion = en;
			hasScannedForEncodings = 0;
			knownRegions = (
				en,
				Base,
			);
			mainGroup = C4445E0D2AEFBFAD00BB9504;
			productRefGroup = C4445E172AEFBFAD00BB9504 /* Products */;
			projectDirPath = "";
			projectRoot = "";
			targets = (
				C4445E152AEFBFAD00BB9504 /* StarlightDiary */,
				C4445E262AEFBFAE00BB9504 /* StarlightDiaryTests */,
				C4445E302AEFBFAF00BB9504 /* StarlightDiaryUITests */,
			);
		};
/* End PBXProject section */

/* Begin PBXResourcesBuildPhase section */
		C4445E142AEFBFAD00BB9504 /* Resources */ = {
			isa = PBXResourcesBuildPhase;
			buildActionMask = 2147483647;
			files = (
				C4445E222AEFBFAE00BB9504 /* Preview Assets.xcassets in Resources */,
				C4445E1E2AEFBFAE00BB9504 /* Assets.xcassets in Resources */,
			);
			runOnlyForDeploymentPostprocessing = 0;
		};
		C4445E252AEFBFAE00BB9504 /* Resources */ = {
			isa = PBXResourcesBuildPhase;
			buildActionMask = 2147483647;
			files = (
			);
			runOnlyForDeploymentPostprocessing = 0;
		};
		C4445E2F2AEFBFAF00BB9504 /* Resources */ = {
			isa = PBXResourcesBuildPhase;
			buildActionMask = 2147483647;
			files = (
			);
			runOnlyForDeploymentPostprocessing = 0;
		};
/* End PBXResourcesBuildPhase section */

/* Begin PBXSourcesBuildPhase section */
		C4445E122AEFBFAD00BB9504 /* Sources */ = {
			isa = PBXSourcesBuildPhase;
			buildActionMask = 2147483647;
			files = (
				C4445E1C2AEFBFAD00BB9504 /* ContentView.swift in Sources */,
				C4445E1A2AEFBFAD00BB9504 /* StarlightDiaryApp.swift in Sources */,
			);
			runOnlyForDeploymentPostprocessing = 0;
		};
		C4445E232AEFBFAE00BB9504 /* Sources */ = {
			isa = PBXSourcesBuildPhase;
			buildActionMask = 2147483647;
			files = (
				C4445E2C2AEFBFAE00BB9504 /* StarlightDiaryTests.swift in Sources */,
			);
			runOnlyForDeploymentPostprocessing = 0;
		};
		C4445E2D2AEFBFAF00BB9504 /* Sources */ = {
			isa = PBXSourcesBuildPhase;
			buildActionMask = 2147483647;
			files = (
				C4445E362AEFBFAF00BB9504 /* StarlightDiaryUITests.swift in Sources */,
				C4445E382AEFBFAF00BB9504 /* StarlightDiaryUITestsLaunchTests.swift in Sources */,
			);
			runOnlyForDeploymentPostprocessing = 0;
		};
/* End PBXSourcesBuildPhase section */

/* Begin PBXTargetDependency section */
		C4445E292AEFBFAE00BB9504 /* PBXTargetDependency */ = {
			isa = PBXTargetDependency;
			target = C4445E152AEFBFAD00BB9504 /* StarlightDiary */;
			targetProxy = C4445E282AEFBFAE00BB9504 /* PBXContainerItemProxy */;
		};
		C4445E332AEFBFAF00BB9504 /* PBXTargetDependency */ = {
			isa = PBXTargetDependency;
			target = C4445E152AEFBFAD00BB9504 /* StarlightDiary */;
			targetProxy = C4445E322AEFBFAF00BB9504 /* PBXContainerItemProxy */;
		};
/* End PBXTargetDependency section */

/* Begin XCBuildConfiguration section */
		C4445E392AEFBFAF00BB9504 /* Debug */ = {
			isa = XCBuildConfiguration;
			buildSettings = {
				ALWAYS_SEARCH_USER_PATHS = NO;
				ASSETCATALOG_COMPILER_GENERATE_SWIFT_ASSET_SYMBOL_EXTENSIONS = YES;
				CLANG_ANALYZER_NONNULL = YES;
				CLANG_ANALYZER_NUMBER_OBJECT_CONVERSION = YES_AGGRESSIVE;
				CLANG_CXX_LANGUAGE_STANDARD = "gnu++20";
				CLANG_ENABLE_MODULES = YES;
				CLANG_ENABLE_OBJC_ARC = YES;
				CLANG_ENABLE_OBJC_WEAK = YES;
				CLANG_WARN_BLOCK_CAPTURE_AUTORELEASING = YES;
				CLANG_WARN_BOOL_CONVERSION = YES;
				CLANG_WARN_COMMA = YES;
				CLANG_WARN_CONSTANT_CONVERSION = YES;
				CLANG_WARN_DEPRECATED_OBJC_IMPLEMENTATIONS = YES;
				CLANG_WARN_DIRECT_OBJC_ISA_USAGE = YES_ERROR;
				CLANG_WARN_DOCUMENTATION_COMMENTS = YES;
				CLANG_WARN_EMPTY_BODY = YES;
				CLANG_WARN_ENUM_CONVERSION = YES;
				CLANG_WARN_INFINITE_RECURSION = YES;
				CLANG_WARN_INT_CONVERSION = YES;
				CLANG_WARN_NON_LITERAL_NULL_CONVERSION = YES;
				CLANG_WARN_OBJC_IMPLICIT_RETAIN_SELF = YES;
				CLANG_WARN_OBJC_LITERAL_CONVERSION = YES;
				CLANG_WARN_OBJC_ROOT_CLASS = YES_ERROR;
				CLANG_WARN_QUOTED_INCLUDE_IN_FRAMEWORK_HEADER = YES;
				CLANG_WARN_RANGE_LOOP_ANALYSIS = YES;
				CLANG_WARN_STRICT_PROTOTYPES = YES;
				CLANG_WARN_SUSPICIOUS_MOVE = YES;
				CLANG_WARN_UNGUARDED_AVAILABILITY = YES_AGGRESSIVE;
				CLANG_WARN_UNREACHABLE_CODE = YES;
				CLANG_WARN__DUPLICATE_METHOD_MATCH = YES;
				COPY_PHASE_STRIP = NO;
				DEBUG_INFORMATION_FORMAT = dwarf;
				ENABLE_STRICT_OBJC_MSGSEND = YES;
				ENABLE_TESTABILITY = YES;
				ENABLE_USER_SCRIPT_SANDBOXING = YES;
				GCC_C_LANGUAGE_STANDARD = gnu17;
				GCC_DYNAMIC_NO_PIC = NO;
				GCC_NO_COMMON_BLOCKS = YES;
				GCC_OPTIMIZATION_LEVEL = 0;
				GCC_PREPROCESSOR_DEFINITIONS = (
					"DEBUG=1",
					"$(inherited)",
				);
				GCC_WARN_64_TO_32_BIT_CONVERSION = YES;
				GCC_WARN_ABOUT_RETURN_TYPE = YES_ERROR;
				GCC_WARN_UNDECLARED_SELECTOR = YES;
				GCC_WARN_UNINITIALIZED_AUTOS = YES_AGGRESSIVE;
				GCC_WARN_UNUSED_FUNCTION = YES;
				GCC_WARN_UNUSED_VARIABLE = YES;
				LOCALIZATION_PREFERS_STRING_CATALOGS = YES;
				MTL_ENABLE_DEBUG_INFO = INCLUDE_SOURCE;
				MTL_FAST_MATH = YES;
				ONLY_ACTIVE_ARCH = YES;
				SWIFT_ACTIVE_COMPILATION_CONDITIONS = "DEBUG $(inherited)";
				SWIFT_OPTIMIZATION_LEVEL = "-Onone";
			};
			name = Debug;
		};
		C4445E3A2AEFBFAF00BB9504 /* Release */ = {
			isa = XCBuildConfiguration;
			buildSettings = {
				ALWAYS_SEARCH_USER_PATHS = NO;
				ASSETCATALOG_COMPILER_GENERATE_SWIFT_ASSET_SYMBOL_EXTENSIONS = YES;
				CLANG_ANALYZER_NONNULL = YES;
				CLANG_ANALYZER_NUMBER_OBJECT_CONVERSION = YES_AGGRESSIVE;
				CLANG_CXX_LANGUAGE_STANDARD = "gnu++20";
				CLANG_ENABLE_MODULES = YES;
				CLANG_ENABLE_OBJC_ARC = YES;
				CLANG_ENABLE_OBJC_WEAK = YES;
				CLANG_WARN_BLOCK_CAPTURE_AUTORELEASING = YES;
				CLANG_WARN_BOOL_CONVERSION = YES;
				CLANG_WARN_COMMA = YES;
				CLANG_WARN_CONSTANT_CONVERSION = YES;
				CLANG_WARN_DEPRECATED_OBJC_IMPLEMENTATIONS = YES;
				CLANG_WARN_DIRECT_OBJC_ISA_USAGE = YES_ERROR;
				CLANG_WARN_DOCUMENTATION_COMMENTS = YES;
				CLANG_WARN_EMPTY_BODY = YES;
				CLANG_WARN_ENUM_CONVERSION = YES;
				CLANG_WARN_INFINITE_RECURSION = YES;
				CLANG_WARN_INT_CONVERSION = YES;
				CLANG_WARN_NON_LITERAL_NULL_CONVERSION = YES;
				CLANG_WARN_OBJC_IMPLICIT_RETAIN_SELF = YES;
				CLANG_WARN_OBJC_LITERAL_CONVERSION = YES;
				CLANG_WARN_OBJC_ROOT_CLASS = YES_ERROR;
				CLANG_WARN_QUOTED_INCLUDE_IN_FRAMEWORK_HEADER = YES;
				CLANG_WARN_RANGE_LOOP_ANALYSIS = YES;
				CLANG_WARN_STRICT_PROTOTYPES = YES;
				CLANG_WARN_SUSPICIOUS_MOVE = YES;
				CLANG_WARN_UNGUARDED_AVAILABILITY = YES_AGGRESSIVE;
				CLANG_WARN_UNREACHABLE_CODE = YES;
				CLANG_WARN__DUPLICATE_METHOD_MATCH = YES;
				COPY_PHASE_STRIP = NO;
				DEBUG_INFORMATION_FORMAT = "dwarf-with-dsym";
				ENABLE_NS_ASSERTIONS = NO;
				ENABLE_STRICT_OBJC_MSGSEND = YES;
				ENABLE_USER_SCRIPT_SANDBOXING = YES;
				GCC_C_LANGUAGE_STANDARD = gnu17;
				GCC_NO_COMMON_BLOCKS = YES;
				GCC_WARN_64_TO_32_BIT_CONVERSION = YES;
				GCC_WARN_ABOUT_RETURN_TYPE = YES_ERROR;
				GCC_WARN_UNDECLARED_SELECTOR = YES;
				GCC_WARN_UNINITIALIZED_AUTOS = YES_AGGRESSIVE;
				GCC_WARN_UNUSED_FUNCTION = YES;
				GCC_WARN_UNUSED_VARIABLE = YES;
				LOCALIZATION_PREFERS_STRING_CATALOGS = YES;
				MTL_ENABLE_DEBUG_INFO = NO;
				MTL_FAST_MATH = YES;
				SWIFT_COMPILATION_MODE = wholemodule;
			};
			name = Release;
		};
		C4445E3C2AEFBFAF00BB9504 /* Debug */ = {
			isa = XCBuildConfiguration;
			buildSettings = {
				ASSETCATALOG_COMPILER_APPICON_NAME = AppIcon;
				ASSETCATALOG_COMPILER_GLOBAL_ACCENT_COLOR_NAME = AccentColor;
				CODE_SIGN_ENTITLEMENTS = StarlightDiary/StarlightDiary.entitlements;
				CODE_SIGN_STYLE = Automatic;
				CURRENT_PROJECT_VERSION = 1;
				DEVELOPMENT_ASSET_PATHS = "\"StarlightDiary/Preview Content\"";
				DEVELOPMENT_TEAM = DSHX4V92NH;
				ENABLE_HARDENED_RUNTIME = YES;
				ENABLE_PREVIEWS = YES;
				GENERATE_INFOPLIST_FILE = YES;
				"INFOPLIST_KEY_UIApplicationSceneManifest_Generation[sdk=iphoneos*]" = YES;
				"INFOPLIST_KEY_UIApplicationSceneManifest_Generation[sdk=iphonesimulator*]" = YES;
				"INFOPLIST_KEY_UIApplicationSupportsIndirectInputEvents[sdk=iphoneos*]" = YES;
				"INFOPLIST_KEY_UIApplicationSupportsIndirectInputEvents[sdk=iphonesimulator*]" = YES;
				"INFOPLIST_KEY_UILaunchScreen_Generation[sdk=iphoneos*]" = YES;
				"INFOPLIST_KEY_UILaunchScreen_Generation[sdk=iphonesimulator*]" = YES;
				"INFOPLIST_KEY_UIStatusBarStyle[sdk=iphoneos*]" = UIStatusBarStyleDefault;
				"INFOPLIST_KEY_UIStatusBarStyle[sdk=iphonesimulator*]" = UIStatusBarStyleDefault;
				INFOPLIST_KEY_UISupportedInterfaceOrientations_iPad = "UIInterfaceOrientationPortrait UIInterfaceOrientationPortraitUpsideDown UIInterfaceOrientationLandscapeLeft UIInterfaceOrientationLandscapeRight";
				INFOPLIST_KEY_UISupportedInterfaceOrientations_iPhone = "UIInterfaceOrientationPortrait UIInterfaceOrientationLandscapeLeft UIInterfaceOrientationLandscapeRight";
				IPHONEOS_DEPLOYMENT_TARGET = 17.0;
				LD_RUNPATH_SEARCH_PATHS = "@executable_path/Frameworks";
				"LD_RUNPATH_SEARCH_PATHS[sdk=macosx*]" = "@executable_path/../Frameworks";
				MACOSX_DEPLOYMENT_TARGET = 14.0;
				MARKETING_VERSION = 1.0;
				PRODUCT_BUNDLE_IDENTIFIER = wxmvv.StarlightDiary;
				PRODUCT_NAME = "$(TARGET_NAME)";
				SDKROOT = auto;
				SUPPORTED_PLATFORMS = "iphoneos iphonesimulator macosx";
				SWIFT_EMIT_LOC_STRINGS = YES;
				SWIFT_VERSION = 5.0;
				TARGETED_DEVICE_FAMILY = "1,2";
			};
			name = Debug;
		};
		C4445E3D2AEFBFAF00BB9504 /* Release */ = {
			isa = XCBuildConfiguration;
			buildSettings = {
				ASSETCATALOG_COMPILER_APPICON_NAME = AppIcon;
				ASSETCATALOG_COMPILER_GLOBAL_ACCENT_COLOR_NAME = AccentColor;
				CODE_SIGN_ENTITLEMENTS = StarlightDiary/StarlightDiary.entitlements;
				CODE_SIGN_STYLE = Automatic;
				CURRENT_PROJECT_VERSION = 1;
				DEVELOPMENT_ASSET_PATHS = "\"StarlightDiary/Preview Content\"";
				DEVELOPMENT_TEAM = DSHX4V92NH;
				ENABLE_HARDENED_RUNTIME = YES;
				ENABLE_PREVIEWS = YES;
				GENERATE_INFOPLIST_FILE = YES;
				"INFOPLIST_KEY_UIApplicationSceneManifest_Generation[sdk=iphoneos*]" = YES;
				"INFOPLIST_KEY_UIApplicationSceneManifest_Generation[sdk=iphonesimulator*]" = YES;
				"INFOPLIST_KEY_UIApplicationSupportsIndirectInputEvents[sdk=iphoneos*]" = YES;
				"INFOPLIST_KEY_UIApplicationSupportsIndirectInputEvents[sdk=iphonesimulator*]" = YES;
				"INFOPLIST_KEY_UILaunchScreen_Generation[sdk=iphoneos*]" = YES;
				"INFOPLIST_KEY_UILaunchScreen_Generation[sdk=iphonesimulator*]" = YES;
				"INFOPLIST_KEY_UIStatusBarStyle[sdk=iphoneos*]" = UIStatusBarStyleDefault;
				"INFOPLIST_KEY_UIStatusBarStyle[sdk=iphonesimulator*]" = UIStatusBarStyleDefault;
				INFOPLIST_KEY_UISupportedInterfaceOrientations_iPad = "UIInterfaceOrientationPortrait UIInterfaceOrientationPortraitUpsideDown UIInterfaceOrientationLandscapeLeft UIInterfaceOrientationLandscapeRight";
				INFOPLIST_KEY_UISupportedInterfaceOrientations_iPhone = "UIInterfaceOrientationPortrait UIInterfaceOrientationLandscapeLeft UIInterfaceOrientationLandscapeRight";
				IPHONEOS_DEPLOYMENT_TARGET = 17.0;
				LD_RUNPATH_SEARCH_PATHS = "@executable_path/Frameworks";
				"LD_RUNPATH_SEARCH_PATHS[sdk=macosx*]" = "@executable_path/../Frameworks";
				MACOSX_DEPLOYMENT_TARGET = 14.0;
				MARKETING_VERSION = 1.0;
				PRODUCT_BUNDLE_IDENTIFIER = wxmvv.StarlightDiary;
				PRODUCT_NAME = "$(TARGET_NAME)";
				SDKROOT = auto;
				SUPPORTED_PLATFORMS = "iphoneos iphonesimulator macosx";
				SWIFT_EMIT_LOC_STRINGS = YES;
				SWIFT_VERSION = 5.0;
				TARGETED_DEVICE_FAMILY = "1,2";
			};
			name = Release;
		};
		C4445E3F2AEFBFAF00BB9504 /* Debug */ = {
			isa = XCBuildConfiguration;
			buildSettings = {
				ALWAYS_EMBED_SWIFT_STANDARD_LIBRARIES = YES;
				BUNDLE_LOADER = "$(TEST_HOST)";
				CODE_SIGN_STYLE = Automatic;
				CURRENT_PROJECT_VERSION = 1;
				DEVELOPMENT_TEAM = DSHX4V92NH;
				GENERATE_INFOPLIST_FILE = YES;
				IPHONEOS_DEPLOYMENT_TARGET = 17.0;
				MACOSX_DEPLOYMENT_TARGET = 14.0;
				MARKETING_VERSION = 1.0;
				PRODUCT_BUNDLE_IDENTIFIER = wxmvv.StarlightDiaryTests;
				PRODUCT_NAME = "$(TARGET_NAME)";
				SDKROOT = auto;
				SUPPORTED_PLATFORMS = "iphoneos iphonesimulator macosx";
				SWIFT_EMIT_LOC_STRINGS = NO;
				SWIFT_VERSION = 5.0;
				TARGETED_DEVICE_FAMILY = "1,2";
				TEST_HOST = "$(BUILT_PRODUCTS_DIR)/StarlightDiary.app/$(BUNDLE_EXECUTABLE_FOLDER_PATH)/StarlightDiary";
			};
			name = Debug;
		};
		C4445E402AEFBFAF00BB9504 /* Release */ = {
			isa = XCBuildConfiguration;
			buildSettings = {
				ALWAYS_EMBED_SWIFT_STANDARD_LIBRARIES = YES;
				BUNDLE_LOADER = "$(TEST_HOST)";
				CODE_SIGN_STYLE = Automatic;
				CURRENT_PROJECT_VERSION = 1;
				DEVELOPMENT_TEAM = DSHX4V92NH;
				GENERATE_INFOPLIST_FILE = YES;
				IPHONEOS_DEPLOYMENT_TARGET = 17.0;
				MACOSX_DEPLOYMENT_TARGET = 14.0;
				MARKETING_VERSION = 1.0;
				PRODUCT_BUNDLE_IDENTIFIER = wxmvv.StarlightDiaryTests;
				PRODUCT_NAME = "$(TARGET_NAME)";
				SDKROOT = auto;
				SUPPORTED_PLATFORMS = "iphoneos iphonesimulator macosx";
				SWIFT_EMIT_LOC_STRINGS = NO;
				SWIFT_VERSION = 5.0;
				TARGETED_DEVICE_FAMILY = "1,2";
				TEST_HOST = "$(BUILT_PRODUCTS_DIR)/StarlightDiary.app/$(BUNDLE_EXECUTABLE_FOLDER_PATH)/StarlightDiary";
			};
			name = Release;
		};
		C4445E422AEFBFAF00BB9504 /* Debug */ = {
			isa = XCBuildConfiguration;
			buildSettings = {
				ALWAYS_EMBED_SWIFT_STANDARD_LIBRARIES = YES;
				CODE_SIGN_STYLE = Automatic;
				CURRENT_PROJECT_VERSION = 1;
				DEVELOPMENT_TEAM = DSHX4V92NH;
				GENERATE_INFOPLIST_FILE = YES;
				IPHONEOS_DEPLOYMENT_TARGET = 17.0;
				MACOSX_DEPLOYMENT_TARGET = 14.0;
				MARKETING_VERSION = 1.0;
				PRODUCT_BUNDLE_IDENTIFIER = wxmvv.StarlightDiaryUITests;
				PRODUCT_NAME = "$(TARGET_NAME)";
				SDKROOT = auto;
				SUPPORTED_PLATFORMS = "iphoneos iphonesimulator macosx";
				SWIFT_EMIT_LOC_STRINGS = NO;
				SWIFT_VERSION = 5.0;
				TARGETED_DEVICE_FAMILY = "1,2";
				TEST_TARGET_NAME = StarlightDiary;
			};
			name = Debug;
		};
		C4445E432AEFBFAF00BB9504 /* Release */ = {
			isa = XCBuildConfiguration;
			buildSettings = {
				ALWAYS_EMBED_SWIFT_STANDARD_LIBRARIES = YES;
				CODE_SIGN_STYLE = Automatic;
				CURRENT_PROJECT_VERSION = 1;
				DEVELOPMENT_TEAM = DSHX4V92NH;
				GENERATE_INFOPLIST_FILE = YES;
				IPHONEOS_DEPLOYMENT_TARGET = 17.0;
				MACOSX_DEPLOYMENT_TARGET = 14.0;
				MARKETING_VERSION = 1.0;
				PRODUCT_BUNDLE_IDENTIFIER = wxmvv.StarlightDiaryUITests;
				PRODUCT_NAME = "$(TARGET_NAME)";
				SDKROOT = auto;
				SUPPORTED_PLATFORMS = "iphoneos iphonesimulator macosx";
				SWIFT_EMIT_LOC_STRINGS = NO;
				SWIFT_VERSION = 5.0;
				TARGETED_DEVICE_FAMILY = "1,2";
				TEST_TARGET_NAME = StarlightDiary;
			};
			name = Release;
		};
/* End XCBuildConfiguration section */

/* Begin XCConfigurationList section */
		C4445E112AEFBFAD00BB9504 /* Build configuration list for PBXProject "StarlightDiary" */ = {
			isa = XCConfigurationList;
			buildConfigurations = (
				C4445E392AEFBFAF00BB9504 /* Debug */,
				C4445E3A2AEFBFAF00BB9504 /* Release */,
			);
			defaultConfigurationIsVisible = 0;
			defaultConfigurationName = Release;
		};
		C4445E3B2AEFBFAF00BB9504 /* Build configuration list for PBXNativeTarget "StarlightDiary" */ = {
			isa = XCConfigurationList;
			buildConfigurations = (
				C4445E3C2AEFBFAF00BB9504 /* Debug */,
				C4445E3D2AEFBFAF00BB9504 /* Release */,
			);
			defaultConfigurationIsVisible = 0;
			defaultConfigurationName = Release;
		};
		C4445E3E2AEFBFAF00BB9504 /* Build configuration list for PBXNativeTarget "StarlightDiaryTests" */ = {
			isa = XCConfigurationList;
			buildConfigurations = (
				C4445E3F2AEFBFAF00BB9504 /* Debug */,
				C4445E402AEFBFAF00BB9504 /* Release */,
			);
			defaultConfigurationIsVisible = 0;
			defaultConfigurationName = Release;
		};
		C4445E412AEFBFAF00BB9504 /* Build configuration list for PBXNativeTarget "StarlightDiaryUITests" */ = {
			isa = XCConfigurationList;
			buildConfigurations = (
				C4445E422AEFBFAF00BB9504 /* Debug */,
				C4445E432AEFBFAF00BB9504 /* Release */,
			);
			defaultConfigurationIsVisible = 0;
			defaultConfigurationName = Release;
		};
/* End XCConfigurationList section */
	};
	rootObject = C4445E0E2AEFBFAD00BB9504 /* Project object */;
}
