// !$*UTF8*$!
{
	archiveVersion = 1;
	classes = {
	};
	objectVersion = 56;
	objects = {

/* Begin PBXBuildFile section */
		C4445E1A2AEFBFAD00BB9504 /* StarlightDiaryApp.swift in Sources */ = {isa = PBXBuildFile; fileRef = C4445E192AEFBFAD00BB9504 /* StarlightDiaryApp.swift */; };
		C4445E1C2AEFBFAD00BB9504 /* ContentView.swift in Sources */ = {isa = PBXBuildFile; fileRef = C4445E1B2AEFBFAD00BB9504 /* ContentView.swift */; };
		C4445E222AEFBFAE00BB9504 /* Preview Assets.xcassets in Resources */ = {isa = PBXBuildFile; fileRef = C4445E212AEFBFAE00BB9504 /* Preview Assets.xcassets */; };
		C4445E2C2AEFBFAE00BB9504 /* StarlightDiaryTests.swift in Sources */ = {isa = PBXBuildFile; fileRef = C4445E2B2AEFBFAE00BB9504 /* StarlightDiaryTests.swift */; };
		C4445E362AEFBFAF00BB9504 /* StarlightDiaryUITests.swift in Sources */ = {isa = PBXBuildFile; fileRef = C4445E352AEFBFAF00BB9504 /* StarlightDiaryUITests.swift */; };
		C4445E382AEFBFAF00BB9504 /* StarlightDiaryUITestsLaunchTests.swift in Sources */ = {isa = PBXBuildFile; fileRef = C4445E372AEFBFAF00BB9504 /* StarlightDiaryUITestsLaunchTests.swift */; };
		C4445E4A2AEFC14A00BB9504 /* DiaryViewModel.swift in Sources */ = {isa = PBXBuildFile; fileRef = C4445E492AEFC14A00BB9504 /* DiaryViewModel.swift */; };
		C4445E572AEFC23B00BB9504 /* StarlightDiary.xcdatamodeld in Sources */ = {isa = PBXBuildFile; fileRef = C4445E552AEFC23B00BB9504 /* StarlightDiary.xcdatamodeld */; };
		C4445E592AEFC26C00BB9504 /* Assets.xcassets in Resources */ = {isa = PBXBuildFile; fileRef = C4445E582AEFC26C00BB9504 /* Assets.xcassets */; };
		C4445E5D2AEFC28F00BB9504 /* MyTabView.swift in Sources */ = {isa = PBXBuildFile; fileRef = C4445E5C2AEFC28F00BB9504 /* MyTabView.swift */; };
		C4445E662AEFC41C00BB9504 /* AppIcon.swift in Sources */ = {isa = PBXBuildFile; fileRef = C4445E5F2AEFC41B00BB9504 /* AppIcon.swift */; };
		C4445E672AEFC41C00BB9504 /* PreferenceKey.swift in Sources */ = {isa = PBXBuildFile; fileRef = C4445E602AEFC41B00BB9504 /* PreferenceKey.swift */; };
		C4445E682AEFC41C00BB9504 /* Tab.swift in Sources */ = {isa = PBXBuildFile; fileRef = C4445E612AEFC41B00BB9504 /* Tab.swift */; };
		C4445E692AEFC41C00BB9504 /* HeartColor.swift in Sources */ = {isa = PBXBuildFile; fileRef = C4445E622AEFC41B00BB9504 /* HeartColor.swift */; };
		C4445E6A2AEFC41C00BB9504 /* Theme.swift in Sources */ = {isa = PBXBuildFile; fileRef = C4445E632AEFC41B00BB9504 /* Theme.swift */; };
		C4445E6B2AEFC41C00BB9504 /* MoodType.swift in Sources */ = {isa = PBXBuildFile; fileRef = C4445E642AEFC41B00BB9504 /* MoodType.swift */; };
		C4445E6C2AEFC41C00BB9504 /* FontStyle.swift in Sources */ = {isa = PBXBuildFile; fileRef = C4445E652AEFC41C00BB9504 /* FontStyle.swift */; };
		C4445E822AEFC51B00BB9504 /* AppearanceView.swift in Sources */ = {isa = PBXBuildFile; fileRef = C4445E702AEFC51B00BB9504 /* AppearanceView.swift */; };
		C4445E832AEFC51B00BB9504 /* DefaultDiaryView.swift in Sources */ = {isa = PBXBuildFile; fileRef = C4445E712AEFC51B00BB9504 /* DefaultDiaryView.swift */; };
		C4445E842AEFC51B00BB9504 /* DiaryView.swift in Sources */ = {isa = PBXBuildFile; fileRef = C4445E722AEFC51B00BB9504 /* DiaryView.swift */; };
		C4445E852AEFC51B00BB9504 /* JournalView.swift in Sources */ = {isa = PBXBuildFile; fileRef = C4445E732AEFC51B00BB9504 /* JournalView.swift */; };
		C4445E862AEFC51B00BB9504 /* MinimalStyleMoodCard.swift in Sources */ = {isa = PBXBuildFile; fileRef = C4445E762AEFC51B00BB9504 /* MinimalStyleMoodCard.swift */; };
		C4445E872AEFC51B00BB9504 /* DiaryCardView.swift in Sources */ = {isa = PBXBuildFile; fileRef = C4445E782AEFC51B00BB9504 /* DiaryCardView.swift */; };
		C4445E882AEFC51B00BB9504 /* DiaryListView.swift in Sources */ = {isa = PBXBuildFile; fileRef = C4445E792AEFC51B00BB9504 /* DiaryListView.swift */; };
		C4445E892AEFC51B00BB9504 /* DiaryCardLayOutView.swift in Sources */ = {isa = PBXBuildFile; fileRef = C4445E7A2AEFC51B00BB9504 /* DiaryCardLayOutView.swift */; };
		C4445E8A2AEFC51B00BB9504 /* MyToastAlertView.swift in Sources */ = {isa = PBXBuildFile; fileRef = C4445E7C2AEFC51B00BB9504 /* MyToastAlertView.swift */; };
		C4445E8B2AEFC51B00BB9504 /* MyTextFieldWithUIKit.swift in Sources */ = {isa = PBXBuildFile; fileRef = C4445E7D2AEFC51B00BB9504 /* MyTextFieldWithUIKit.swift */; };
		C4445E8C2AEFC51B00BB9504 /* MyDatePicker.swift in Sources */ = {isa = PBXBuildFile; fileRef = C4445E7E2AEFC51B00BB9504 /* MyDatePicker.swift */; };
		C4445E8D2AEFC51B00BB9504 /* FavView.swift in Sources */ = {isa = PBXBuildFile; fileRef = C4445E7F2AEFC51B00BB9504 /* FavView.swift */; };
		C4445E8E2AEFC51B00BB9504 /* DiaryEditView.swift in Sources */ = {isa = PBXBuildFile; fileRef = C4445E802AEFC51B00BB9504 /* DiaryEditView.swift */; };
		C4445E8F2AEFC51C00BB9504 /* SettingView.swift in Sources */ = {isa = PBXBuildFile; fileRef = C4445E812AEFC51B00BB9504 /* SettingView.swift */; };
		C4445E982AEFC52700BB9504 /* MyLottieVIew.swift in Sources */ = {isa = PBXBuildFile; fileRef = C4445E912AEFC52700BB9504 /* MyLottieVIew.swift */; };
		C4445E992AEFC52700BB9504 /* BlankButtonStyle.swift in Sources */ = {isa = PBXBuildFile; fileRef = C4445E932AEFC52700BB9504 /* BlankButtonStyle.swift */; };
		C4445E9A2AEFC52700BB9504 /* Color+.swift in Sources */ = {isa = PBXBuildFile; fileRef = C4445E942AEFC52700BB9504 /* Color+.swift */; };
		C4445E9B2AEFC52700BB9504 /* MyFormatter.swift in Sources */ = {isa = PBXBuildFile; fileRef = C4445E952AEFC52700BB9504 /* MyFormatter.swift */; };
		C4445E9C2AEFC52700BB9504 /* UIPickerView+.swift in Sources */ = {isa = PBXBuildFile; fileRef = C4445E962AEFC52700BB9504 /* UIPickerView+.swift */; };
		C4445E9D2AEFC52700BB9504 /* Date+.swift in Sources */ = {isa = PBXBuildFile; fileRef = C4445E972AEFC52700BB9504 /* Date+.swift */; };
		C4445EB02AEFC53300BB9504 /* mmDiaryStore.storekit in Resources */ = {isa = PBXBuildFile; fileRef = C4445E9F2AEFC53300BB9504 /* mmDiaryStore.storekit */; };
		C4445EB12AEFC53300BB9504 /* Preview Assets.xcassets in Resources */ = {isa = PBXBuildFile; fileRef = C4445EA12AEFC53300BB9504 /* Preview Assets.xcassets */; };
		C4445EB22AEFC53300BB9504 /* heart3.json in Resources */ = {isa = PBXBuildFile; fileRef = C4445EA32AEFC53300BB9504 /* heart3.json */; };
		C4445EB32AEFC53300BB9504 /* heart2.json in Resources */ = {isa = PBXBuildFile; fileRef = C4445EA42AEFC53300BB9504 /* heart2.json */; };
		C4445EB42AEFC53300BB9504 /* write.json in Resources */ = {isa = PBXBuildFile; fileRef = C4445EA52AEFC53300BB9504 /* write.json */; };
		C4445EB52AEFC53300BB9504 /* listening-music.json in Resources */ = {isa = PBXBuildFile; fileRef = C4445EA62AEFC53300BB9504 /* listening-music.json */; };
		C4445EB62AEFC53300BB9504 /* heart5.json in Resources */ = {isa = PBXBuildFile; fileRef = C4445EA72AEFC53300BB9504 /* heart5.json */; };
		C4445EB72AEFC53300BB9504 /* arrow.json in Resources */ = {isa = PBXBuildFile; fileRef = C4445EA82AEFC53300BB9504 /* arrow.json */; };
		C4445EB82AEFC53300BB9504 /* heart4.json in Resources */ = {isa = PBXBuildFile; fileRef = C4445EA92AEFC53300BB9504 /* heart4.json */; };
		C4445EB92AEFC53300BB9504 /* hi.json in Resources */ = {isa = PBXBuildFile; fileRef = C4445EAA2AEFC53300BB9504 /* hi.json */; };
		C4445EBA2AEFC53300BB9504 /* Store.swift in Sources */ = {isa = PBXBuildFile; fileRef = C4445EAB2AEFC53300BB9504 /* Store.swift */; };
		C4445EBB2AEFC53300BB9504 /* Ubuntu Mono derivative Powerline.ttf in Resources */ = {isa = PBXBuildFile; fileRef = C4445EAD2AEFC53300BB9504 /* Ubuntu Mono derivative Powerline.ttf */; };
		C4445EBC2AEFC53300BB9504 /* Ubuntu Mono derivative Powerline Bold.ttf in Resources */ = {isa = PBXBuildFile; fileRef = C4445EAE2AEFC53300BB9504 /* Ubuntu Mono derivative Powerline Bold.ttf */; };
		C4445EBD2AEFC53300BB9504 /* SmileySans-Oblique.ttf in Resources */ = {isa = PBXBuildFile; fileRef = C4445EAF2AEFC53300BB9504 /* SmileySans-Oblique.ttf */; };
		C4445EC12AEFC53D00BB9504 /* Localizable.strings in Resources */ = {isa = PBXBuildFile; fileRef = C4445EBF2AEFC53D00BB9504 /* Localizable.strings */; };
		C4445EC52AEFC54500BB9504 /* Localizable.strings in Resources */ = {isa = PBXBuildFile; fileRef = C4445EC32AEFC54400BB9504 /* Localizable.strings */; };
/* End PBXBuildFile section */

/* Begin PBXContainerItemProxy section */
		C4445E282AEFBFAE00BB9504 /* PBXContainerItemProxy */ = {
			isa = PBXContainerItemProxy;
			containerPortal = C4445E0E2AEFBFAD00BB9504 /* Project object */;
			proxyType = 1;
			remoteGlobalIDString = C4445E152AEFBFAD00BB9504;
			remoteInfo = StarlightDiary;
		};
		C4445E322AEFBFAF00BB9504 /* PBXContainerItemProxy */ = {
			isa = PBXContainerItemProxy;
			containerPortal = C4445E0E2AEFBFAD00BB9504 /* Project object */;
			proxyType = 1;
			remoteGlobalIDString = C4445E152AEFBFAD00BB9504;
			remoteInfo = StarlightDiary;
		};
/* End PBXContainerItemProxy section */

/* Begin PBXFileReference section */
		C4445E162AEFBFAD00BB9504 /* StarlightDiary.app */ = {isa = PBXFileReference; explicitFileType = wrapper.application; includeInIndex = 0; path = StarlightDiary.app; sourceTree = BUILT_PRODUCTS_DIR; };
		C4445E192AEFBFAD00BB9504 /* StarlightDiaryApp.swift */ = {isa = PBXFileReference; lastKnownFileType = sourcecode.swift; path = StarlightDiaryApp.swift; sourceTree = "<group>"; };
		C4445E1B2AEFBFAD00BB9504 /* ContentView.swift */ = {isa = PBXFileReference; lastKnownFileType = sourcecode.swift; path = ContentView.swift; sourceTree = "<group>"; };
		C4445E1F2AEFBFAE00BB9504 /* StarlightDiary.entitlements */ = {isa = PBXFileReference; lastKnownFileType = text.plist.entitlements; path = StarlightDiary.entitlements; sourceTree = "<group>"; };
		C4445E212AEFBFAE00BB9504 /* Preview Assets.xcassets */ = {isa = PBXFileReference; lastKnownFileType = folder.assetcatalog; path = "Preview Assets.xcassets"; sourceTree = "<group>"; };
		C4445E272AEFBFAE00BB9504 /* StarlightDiaryTests.xctest */ = {isa = PBXFileReference; explicitFileType = wrapper.cfbundle; includeInIndex = 0; path = StarlightDiaryTests.xctest; sourceTree = BUILT_PRODUCTS_DIR; };
		C4445E2B2AEFBFAE00BB9504 /* StarlightDiaryTests.swift */ = {isa = PBXFileReference; lastKnownFileType = sourcecode.swift; path = StarlightDiaryTests.swift; sourceTree = "<group>"; };
		C4445E312AEFBFAF00BB9504 /* StarlightDiaryUITests.xctest */ = {isa = PBXFileReference; explicitFileType = wrapper.cfbundle; includeInIndex = 0; path = StarlightDiaryUITests.xctest; sourceTree = BUILT_PRODUCTS_DIR; };
		C4445E352AEFBFAF00BB9504 /* StarlightDiaryUITests.swift */ = {isa = PBXFileReference; lastKnownFileType = sourcecode.swift; path = StarlightDiaryUITests.swift; sourceTree = "<group>"; };
		C4445E372AEFBFAF00BB9504 /* StarlightDiaryUITestsLaunchTests.swift */ = {isa = PBXFileReference; lastKnownFileType = sourcecode.swift; path = StarlightDiaryUITestsLaunchTests.swift; sourceTree = "<group>"; };
		C4445E442AEFBFC100BB9504 /* README.md */ = {isa = PBXFileReference; lastKnownFileType = net.daringfireball.markdown; path = README.md; sourceTree = "<group>"; };
		C4445E472AEFC03A00BB9504 /* docs */ = {isa = PBXFileReference; lastKnownFileType = folder; path = docs; sourceTree = "<group>"; };
		C4445E492AEFC14A00BB9504 /* DiaryViewModel.swift */ = {isa = PBXFileReference; fileEncoding = 4; lastKnownFileType = sourcecode.swift; path = DiaryViewModel.swift; sourceTree = "<group>"; };
		C4445E562AEFC23B00BB9504 /* mwDiary.xcdatamodel */ = {isa = PBXFileReference; lastKnownFileType = wrapper.xcdatamodel; path = mwDiary.xcdatamodel; sourceTree = "<group>"; };
		C4445E582AEFC26C00BB9504 /* Assets.xcassets */ = {isa = PBXFileReference; lastKnownFileType = folder.assetcatalog; path = Assets.xcassets; sourceTree = "<group>"; };
		C4445E5C2AEFC28F00BB9504 /* MyTabView.swift */ = {isa = PBXFileReference; fileEncoding = 4; lastKnownFileType = sourcecode.swift; path = MyTabView.swift; sourceTree = "<group>"; };
		C4445E5E2AEFC36E00BB9504 /* .gitignore */ = {isa = PBXFileReference; lastKnownFileType = text; path = .gitignore; sourceTree = "<group>"; };
		C4445E5F2AEFC41B00BB9504 /* AppIcon.swift */ = {isa = PBXFileReference; fileEncoding = 4; lastKnownFileType = sourcecode.swift; path = AppIcon.swift; sourceTree = "<group>"; };
		C4445E602AEFC41B00BB9504 /* PreferenceKey.swift */ = {isa = PBXFileReference; fileEncoding = 4; lastKnownFileType = sourcecode.swift; path = PreferenceKey.swift; sourceTree = "<group>"; };
		C4445E612AEFC41B00BB9504 /* Tab.swift */ = {isa = PBXFileReference; fileEncoding = 4; lastKnownFileType = sourcecode.swift; path = Tab.swift; sourceTree = "<group>"; };
		C4445E622AEFC41B00BB9504 /* HeartColor.swift */ = {isa = PBXFileReference; fileEncoding = 4; lastKnownFileType = sourcecode.swift; path = HeartColor.swift; sourceTree = "<group>"; };
		C4445E632AEFC41B00BB9504 /* Theme.swift */ = {isa = PBXFileReference; fileEncoding = 4; lastKnownFileType = sourcecode.swift; path = Theme.swift; sourceTree = "<group>"; };
		C4445E642AEFC41B00BB9504 /* MoodType.swift */ = {isa = PBXFileReference; fileEncoding = 4; lastKnownFileType = sourcecode.swift; path = MoodType.swift; sourceTree = "<group>"; };
		C4445E652AEFC41C00BB9504 /* FontStyle.swift */ = {isa = PBXFileReference; fileEncoding = 4; lastKnownFileType = sourcecode.swift; path = FontStyle.swift; sourceTree = "<group>"; };
		C4445E702AEFC51B00BB9504 /* AppearanceView.swift */ = {isa = PBXFileReference; fileEncoding = 4; lastKnownFileType = sourcecode.swift; path = AppearanceView.swift; sourceTree = "<group>"; };
		C4445E712AEFC51B00BB9504 /* DefaultDiaryView.swift */ = {isa = PBXFileReference; fileEncoding = 4; lastKnownFileType = sourcecode.swift; path = DefaultDiaryView.swift; sourceTree = "<group>"; };
		C4445E722AEFC51B00BB9504 /* DiaryView.swift */ = {isa = PBXFileReference; fileEncoding = 4; lastKnownFileType = sourcecode.swift; path = DiaryView.swift; sourceTree = "<group>"; };
		C4445E732AEFC51B00BB9504 /* JournalView.swift */ = {isa = PBXFileReference; fileEncoding = 4; lastKnownFileType = sourcecode.swift; path = JournalView.swift; sourceTree = "<group>"; };
		C4445E762AEFC51B00BB9504 /* MinimalStyleMoodCard.swift */ = {isa = PBXFileReference; fileEncoding = 4; lastKnownFileType = sourcecode.swift; path = MinimalStyleMoodCard.swift; sourceTree = "<group>"; };
		C4445E782AEFC51B00BB9504 /* DiaryCardView.swift */ = {isa = PBXFileReference; fileEncoding = 4; lastKnownFileType = sourcecode.swift; path = DiaryCardView.swift; sourceTree = "<group>"; };
		C4445E792AEFC51B00BB9504 /* DiaryListView.swift */ = {isa = PBXFileReference; fileEncoding = 4; lastKnownFileType = sourcecode.swift; path = DiaryListView.swift; sourceTree = "<group>"; };
		C4445E7A2AEFC51B00BB9504 /* DiaryCardLayOutView.swift */ = {isa = PBXFileReference; fileEncoding = 4; lastKnownFileType = sourcecode.swift; path = DiaryCardLayOutView.swift; sourceTree = "<group>"; };
		C4445E7C2AEFC51B00BB9504 /* MyToastAlertView.swift */ = {isa = PBXFileReference; fileEncoding = 4; lastKnownFileType = sourcecode.swift; path = MyToastAlertView.swift; sourceTree = "<group>"; };
		C4445E7D2AEFC51B00BB9504 /* MyTextFieldWithUIKit.swift */ = {isa = PBXFileReference; fileEncoding = 4; lastKnownFileType = sourcecode.swift; path = MyTextFieldWithUIKit.swift; sourceTree = "<group>"; };
		C4445E7E2AEFC51B00BB9504 /* MyDatePicker.swift */ = {isa = PBXFileReference; fileEncoding = 4; lastKnownFileType = sourcecode.swift; path = MyDatePicker.swift; sourceTree = "<group>"; };
		C4445E7F2AEFC51B00BB9504 /* FavView.swift */ = {isa = PBXFileReference; fileEncoding = 4; lastKnownFileType = sourcecode.swift; path = FavView.swift; sourceTree = "<group>"; };
		C4445E802AEFC51B00BB9504 /* DiaryEditView.swift */ = {isa = PBXFileReference; fileEncoding = 4; lastKnownFileType = sourcecode.swift; path = DiaryEditView.swift; sourceTree = "<group>"; };
		C4445E812AEFC51B00BB9504 /* SettingView.swift */ = {isa = PBXFileReference; fileEncoding = 4; lastKnownFileType = sourcecode.swift; path = SettingView.swift; sourceTree = "<group>"; };
		C4445E912AEFC52700BB9504 /* MyLottieVIew.swift */ = {isa = PBXFileReference; fileEncoding = 4; lastKnownFileType = sourcecode.swift; path = MyLottieVIew.swift; sourceTree = "<group>"; };
		C4445E932AEFC52700BB9504 /* BlankButtonStyle.swift */ = {isa = PBXFileReference; fileEncoding = 4; lastKnownFileType = sourcecode.swift; path = BlankButtonStyle.swift; sourceTree = "<group>"; };
		C4445E942AEFC52700BB9504 /* Color+.swift */ = {isa = PBXFileReference; fileEncoding = 4; lastKnownFileType = sourcecode.swift; path = "Color+.swift"; sourceTree = "<group>"; };
		C4445E952AEFC52700BB9504 /* MyFormatter.swift */ = {isa = PBXFileReference; fileEncoding = 4; lastKnownFileType = sourcecode.swift; path = MyFormatter.swift; sourceTree = "<group>"; };
		C4445E962AEFC52700BB9504 /* UIPickerView+.swift */ = {isa = PBXFileReference; fileEncoding = 4; lastKnownFileType = sourcecode.swift; path = "UIPickerView+.swift"; sourceTree = "<group>"; };
		C4445E972AEFC52700BB9504 /* Date+.swift */ = {isa = PBXFileReference; fileEncoding = 4; lastKnownFileType = sourcecode.swift; path = "Date+.swift"; sourceTree = "<group>"; };
		C4445E9F2AEFC53300BB9504 /* mmDiaryStore.storekit */ = {isa = PBXFileReference; fileEncoding = 4; lastKnownFileType = text; path = mmDiaryStore.storekit; sourceTree = "<group>"; };
		C4445EA12AEFC53300BB9504 /* Preview Assets.xcassets */ = {isa = PBXFileReference; lastKnownFileType = folder.assetcatalog; path = "Preview Assets.xcassets"; sourceTree = "<group>"; };
		C4445EA32AEFC53300BB9504 /* heart3.json */ = {isa = PBXFileReference; fileEncoding = 4; lastKnownFileType = text.json; path = heart3.json; sourceTree = "<group>"; };
		C4445EA42AEFC53300BB9504 /* heart2.json */ = {isa = PBXFileReference; fileEncoding = 4; lastKnownFileType = text.json; path = heart2.json; sourceTree = "<group>"; };
		C4445EA52AEFC53300BB9504 /* write.json */ = {isa = PBXFileReference; fileEncoding = 4; lastKnownFileType = text.json; path = write.json; sourceTree = "<group>"; };
		C4445EA62AEFC53300BB9504 /* listening-music.json */ = {isa = PBXFileReference; fileEncoding = 4; lastKnownFileType = text.json; path = "listening-music.json"; sourceTree = "<group>"; };
		C4445EA72AEFC53300BB9504 /* heart5.json */ = {isa = PBXFileReference; fileEncoding = 4; lastKnownFileType = text.json; path = heart5.json; sourceTree = "<group>"; };
		C4445EA82AEFC53300BB9504 /* arrow.json */ = {isa = PBXFileReference; fileEncoding = 4; lastKnownFileType = text.json; path = arrow.json; sourceTree = "<group>"; };
		C4445EA92AEFC53300BB9504 /* heart4.json */ = {isa = PBXFileReference; fileEncoding = 4; lastKnownFileType = text.json; path = heart4.json; sourceTree = "<group>"; };
		C4445EAA2AEFC53300BB9504 /* hi.json */ = {isa = PBXFileReference; fileEncoding = 4; lastKnownFileType = text.json; path = hi.json; sourceTree = "<group>"; };
		C4445EAB2AEFC53300BB9504 /* Store.swift */ = {isa = PBXFileReference; fileEncoding = 4; lastKnownFileType = sourcecode.swift; path = Store.swift; sourceTree = "<group>"; };
		C4445EAD2AEFC53300BB9504 /* Ubuntu Mono derivative Powerline.ttf */ = {isa = PBXFileReference; lastKnownFileType = file; path = "Ubuntu Mono derivative Powerline.ttf"; sourceTree = "<group>"; };
		C4445EAE2AEFC53300BB9504 /* Ubuntu Mono derivative Powerline Bold.ttf */ = {isa = PBXFileReference; lastKnownFileType = file; path = "Ubuntu Mono derivative Powerline Bold.ttf"; sourceTree = "<group>"; };
		C4445EAF2AEFC53300BB9504 /* SmileySans-Oblique.ttf */ = {isa = PBXFileReference; lastKnownFileType = file; path = "SmileySans-Oblique.ttf"; sourceTree = "<group>"; };
		C4445EC02AEFC53D00BB9504 /* zh-Hans */ = {isa = PBXFileReference; lastKnownFileType = text.plist.strings; name = "zh-Hans"; path = Localizable.strings; sourceTree = "<group>"; };
		C4445EC42AEFC54400BB9504 /* en */ = {isa = PBXFileReference; lastKnownFileType = text.plist.strings; name = en; path = Localizable.strings; sourceTree = "<group>"; };
/* End PBXFileReference section */

/* Begin PBXFrameworksBuildPhase section */
		C4445E132AEFBFAD00BB9504 /* Frameworks */ = {
			isa = PBXFrameworksBuildPhase;
			buildActionMask = 2147483647;
			files = (
			);
			runOnlyForDeploymentPostprocessing = 0;
		};
		C4445E242AEFBFAE00BB9504 /* Frameworks */ = {
			isa = PBXFrameworksBuildPhase;
			buildActionMask = 2147483647;
			files = (
			);
			runOnlyForDeploymentPostprocessing = 0;
		};
		C4445E2E2AEFBFAF00BB9504 /* Frameworks */ = {
			isa = PBXFrameworksBuildPhase;
			buildActionMask = 2147483647;
			files = (
			);
			runOnlyForDeploymentPostprocessing = 0;
		};
/* End PBXFrameworksBuildPhase section */

/* Begin PBXGroup section */
		C4445E0D2AEFBFAD00BB9504 = {
			isa = PBXGroup;
			children = (
				C4445E5E2AEFC36E00BB9504 /* .gitignore */,
				C4445E442AEFBFC100BB9504 /* README.md */,
				C4445E472AEFC03A00BB9504 /* docs */,
				C4445E182AEFBFAD00BB9504 /* StarlightDiary */,
				C4445E2A2AEFBFAE00BB9504 /* StarlightDiaryTests */,
				C4445E342AEFBFAF00BB9504 /* StarlightDiaryUITests */,
				C4445E172AEFBFAD00BB9504 /* Products */,
			);
			sourceTree = "<group>";
		};
		C4445E172AEFBFAD00BB9504 /* Products */ = {
			isa = PBXGroup;
			children = (
				C4445E162AEFBFAD00BB9504 /* StarlightDiary.app */,
				C4445E272AEFBFAE00BB9504 /* StarlightDiaryTests.xctest */,
				C4445E312AEFBFAF00BB9504 /* StarlightDiaryUITests.xctest */,
			);
			name = Products;
			sourceTree = "<group>";
		};
		C4445E182AEFBFAD00BB9504 /* StarlightDiary */ = {
			isa = PBXGroup;
			children = (
				C4445E1F2AEFBFAE00BB9504 /* StarlightDiary.entitlements */,
				C4445E552AEFC23B00BB9504 /* StarlightDiary.xcdatamodeld */,
				C4445E582AEFC26C00BB9504 /* Assets.xcassets */,
				C4445E192AEFBFAD00BB9504 /* StarlightDiaryApp.swift */,
				C4445E482AEFC09200BB9504 /* Nav */,
				C4445E6F2AEFC51B00BB9504 /* View */,
				C4445E742AEFC51B00BB9504 /* Components */,
				C4445E4B2AEFC18200BB9504 /* ViewModel */,
				C4445E4C2AEFC19F00BB9504 /* Model */,
				C4445E902AEFC52700BB9504 /* Extension */,
				C4445E9E2AEFC53300BB9504 /* Resources */,
				C4445EBE2AEFC53D00BB9504 /* zh-Hans.lproj */,
				C4445EC22AEFC54400BB9504 /* en.lproj */,
				C4445E202AEFBFAE00BB9504 /* Preview Content */,
			);
			path = StarlightDiary;
			sourceTree = "<group>";
		};
		C4445E202AEFBFAE00BB9504 /* Preview Content */ = {
			isa = PBXGroup;
			children = (
				C4445E212AEFBFAE00BB9504 /* Preview Assets.xcassets */,
			);
			path = "Preview Content";
			sourceTree = "<group>";
		};
		C4445E2A2AEFBFAE00BB9504 /* StarlightDiaryTests */ = {
			isa = PBXGroup;
			children = (
				C4445E2B2AEFBFAE00BB9504 /* StarlightDiaryTests.swift */,
			);
			path = StarlightDiaryTests;
			sourceTree = "<group>";
		};
		C4445E342AEFBFAF00BB9504 /* StarlightDiaryUITests */ = {
			isa = PBXGroup;
			children = (
				C4445E352AEFBFAF00BB9504 /* StarlightDiaryUITests.swift */,
				C4445E372AEFBFAF00BB9504 /* StarlightDiaryUITestsLaunchTests.swift */,
			);
			path = StarlightDiaryUITests;
			sourceTree = "<group>";
		};
		C4445E482AEFC09200BB9504 /* Nav */ = {
			isa = PBXGroup;
			children = (
				C4445E1B2AEFBFAD00BB9504 /* ContentView.swift */,
				C4445E5C2AEFC28F00BB9504 /* MyTabView.swift */,
			);
			path = Nav;
			sourceTree = "<group>";
		};
		C4445E4B2AEFC18200BB9504 /* ViewModel */ = {
			isa = PBXGroup;
			children = (
				C4445E492AEFC14A00BB9504 /* DiaryViewModel.swift */,
			);
			path = ViewModel;
			sourceTree = "<group>";
		};
		C4445E4C2AEFC19F00BB9504 /* Model */ = {
			isa = PBXGroup;
			children = (
				C4445E5F2AEFC41B00BB9504 /* AppIcon.swift */,
				C4445E652AEFC41C00BB9504 /* FontStyle.swift */,
				C4445E622AEFC41B00BB9504 /* HeartColor.swift */,
				C4445E642AEFC41B00BB9504 /* MoodType.swift */,
				C4445E602AEFC41B00BB9504 /* PreferenceKey.swift */,
				C4445E612AEFC41B00BB9504 /* Tab.swift */,
				C4445E632AEFC41B00BB9504 /* Theme.swift */,
			);
			path = Model;
			sourceTree = "<group>";
		};
		C4445E6F2AEFC51B00BB9504 /* View */ = {
			isa = PBXGroup;
			children = (
				C4445E702AEFC51B00BB9504 /* AppearanceView.swift */,
				C4445E712AEFC51B00BB9504 /* DefaultDiaryView.swift */,
				C4445E722AEFC51B00BB9504 /* DiaryView.swift */,
				C4445E732AEFC51B00BB9504 /* JournalView.swift */,
				C4445E7F2AEFC51B00BB9504 /* FavView.swift */,
				C4445E802AEFC51B00BB9504 /* DiaryEditView.swift */,
				C4445E812AEFC51B00BB9504 /* SettingView.swift */,
			);
			path = View;
			sourceTree = "<group>";
		};
		C4445E742AEFC51B00BB9504 /* Components */ = {
			isa = PBXGroup;
			children = (
				C4445E752AEFC51B00BB9504 /* Mood Card */,
				C4445E772AEFC51B00BB9504 /* Diary Card */,
				C4445E7B2AEFC51B00BB9504 /* Others */,
			);
			path = Components;
			sourceTree = "<group>";
		};
		C4445E752AEFC51B00BB9504 /* Mood Card */ = {
			isa = PBXGroup;
			children = (
				C4445E762AEFC51B00BB9504 /* MinimalStyleMoodCard.swift */,
			);
			path = "Mood Card";
			sourceTree = "<group>";
		};
		C4445E772AEFC51B00BB9504 /* Diary Card */ = {
			isa = PBXGroup;
			children = (
				C4445E782AEFC51B00BB9504 /* DiaryCardView.swift */,
				C4445E792AEFC51B00BB9504 /* DiaryListView.swift */,
				C4445E7A2AEFC51B00BB9504 /* DiaryCardLayOutView.swift */,
			);
			path = "Diary Card";
			sourceTree = "<group>";
		};
		C4445E7B2AEFC51B00BB9504 /* Others */ = {
			isa = PBXGroup;
			children = (
				C4445E7C2AEFC51B00BB9504 /* MyToastAlertView.swift */,
				C4445E7D2AEFC51B00BB9504 /* MyTextFieldWithUIKit.swift */,
				C4445E7E2AEFC51B00BB9504 /* MyDatePicker.swift */,
			);
			path = Others;
			sourceTree = "<group>";
		};
		C4445E902AEFC52700BB9504 /* Extension */ = {
			isa = PBXGroup;
			children = (
				C4445E912AEFC52700BB9504 /* MyLottieVIew.swift */,
				C4445E922AEFC52700BB9504 /* Style */,
				C4445E942AEFC52700BB9504 /* Color+.swift */,
				C4445E952AEFC52700BB9504 /* MyFormatter.swift */,
				C4445E962AEFC52700BB9504 /* UIPickerView+.swift */,
				C4445E972AEFC52700BB9504 /* Date+.swift */,
			);
			path = Extension;
			sourceTree = "<group>";
		};
		C4445E922AEFC52700BB9504 /* Style */ = {
			isa = PBXGroup;
			children = (
				C4445E932AEFC52700BB9504 /* BlankButtonStyle.swift */,
			);
			path = Style;
			sourceTree = "<group>";
		};
		C4445E9E2AEFC53300BB9504 /* Resources */ = {
			isa = PBXGroup;
			children = (
				C4445E9F2AEFC53300BB9504 /* mmDiaryStore.storekit */,
				C4445EA02AEFC53300BB9504 /* Preview Content */,
				C4445EA22AEFC53300BB9504 /* lottie */,
				C4445EAB2AEFC53300BB9504 /* Store.swift */,
				C4445EAC2AEFC53300BB9504 /* Fonts */,
			);
			path = Resources;
			sourceTree = "<group>";
		};
		C4445EA02AEFC53300BB9504 /* Preview Content */ = {
			isa = PBXGroup;
			children = (
				C4445EA12AEFC53300BB9504 /* Preview Assets.xcassets */,
			);
			path = "Preview Content";
			sourceTree = "<group>";
		};
		C4445EA22AEFC53300BB9504 /* lottie */ = {
			isa = PBXGroup;
			children = (
				C4445EA32AEFC53300BB9504 /* heart3.json */,
				C4445EA42AEFC53300BB9504 /* heart2.json */,
				C4445EA52AEFC53300BB9504 /* write.json */,
				C4445EA62AEFC53300BB9504 /* listening-music.json */,
				C4445EA72AEFC53300BB9504 /* heart5.json */,
				C4445EA82AEFC53300BB9504 /* arrow.json */,
				C4445EA92AEFC53300BB9504 /* heart4.json */,
				C4445EAA2AEFC53300BB9504 /* hi.json */,
			);
			path = lottie;
			sourceTree = "<group>";
		};
		C4445EAC2AEFC53300BB9504 /* Fonts */ = {
			isa = PBXGroup;
			children = (
				C4445EAD2AEFC53300BB9504 /* Ubuntu Mono derivative Powerline.ttf */,
				C4445EAE2AEFC53300BB9504 /* Ubuntu Mono derivative Powerline Bold.ttf */,
				C4445EAF2AEFC53300BB9504 /* SmileySans-Oblique.ttf */,
			);
			path = Fonts;
			sourceTree = "<group>";
		};
		C4445EBE2AEFC53D00BB9504 /* zh-Hans.lproj */ = {
			isa = PBXGroup;
			children = (
				C4445EBF2AEFC53D00BB9504 /* Localizable.strings */,
			);
			path = "zh-Hans.lproj";
			sourceTree = "<group>";
		};
		C4445EC22AEFC54400BB9504 /* en.lproj */ = {
			isa = PBXGroup;
			children = (
				C4445EC32AEFC54400BB9504 /* Localizable.strings */,
			);
			path = en.lproj;
			sourceTree = "<group>";
		};
/* End PBXGroup section */

/* Begin PBXNativeTarget section */
		C4445E152AEFBFAD00BB9504 /* StarlightDiary */ = {
			isa = PBXNativeTarget;
			buildConfigurationList = C4445E3B2AEFBFAF00BB9504 /* Build configuration list for PBXNativeTarget "StarlightDiary" */;
			buildPhases = (
				C4445E122AEFBFAD00BB9504 /* Sources */,
				C4445E132AEFBFAD00BB9504 /* Frameworks */,
				C4445E142AEFBFAD00BB9504 /* Resources */,
			);
			buildRules = (
			);
			dependencies = (
			);
			name = StarlightDiary;
			productName = StarlightDiary;
			productReference = C4445E162AEFBFAD00BB9504 /* StarlightDiary.app */;
			productType = "com.apple.product-type.application";
		};
		C4445E262AEFBFAE00BB9504 /* StarlightDiaryTests */ = {
			isa = PBXNativeTarget;
			buildConfigurationList = C4445E3E2AEFBFAF00BB9504 /* Build configuration list for PBXNativeTarget "StarlightDiaryTests" */;
			buildPhases = (
				C4445E232AEFBFAE00BB9504 /* Sources */,
				C4445E242AEFBFAE00BB9504 /* Frameworks */,
				C4445E252AEFBFAE00BB9504 /* Resources */,
			);
			buildRules = (
			);
			dependencies = (
				C4445E292AEFBFAE00BB9504 /* PBXTargetDependency */,
			);
			name = StarlightDiaryTests;
			productName = StarlightDiaryTests;
			productReference = C4445E272AEFBFAE00BB9504 /* StarlightDiaryTests.xctest */;
			productType = "com.apple.product-type.bundle.unit-test";
		};
		C4445E302AEFBFAF00BB9504 /* StarlightDiaryUITests */ = {
			isa = PBXNativeTarget;
			buildConfigurationList = C4445E412AEFBFAF00BB9504 /* Build configuration list for PBXNativeTarget "StarlightDiaryUITests" */;
			buildPhases = (
				C4445E2D2AEFBFAF00BB9504 /* Sources */,
				C4445E2E2AEFBFAF00BB9504 /* Frameworks */,
				C4445E2F2AEFBFAF00BB9504 /* Resources */,
			);
			buildRules = (
			);
			dependencies = (
				C4445E332AEFBFAF00BB9504 /* PBXTargetDependency */,
			);
			name = StarlightDiaryUITests;
			productName = StarlightDiaryUITests;
			productReference = C4445E312AEFBFAF00BB9504 /* StarlightDiaryUITests.xctest */;
			productType = "com.apple.product-type.bundle.ui-testing";
		};
/* End PBXNativeTarget section */

/* Begin PBXProject section */
		C4445E0E2AEFBFAD00BB9504 /* Project object */ = {
			isa = PBXProject;
			attributes = {
				BuildIndependentTargetsInParallel = 1;
				LastSwiftUpdateCheck = 1500;
				LastUpgradeCheck = 1500;
				TargetAttributes = {
					C4445E152AEFBFAD00BB9504 = {
						CreatedOnToolsVersion = 15.0.1;
					};
					C4445E262AEFBFAE00BB9504 = {
						CreatedOnToolsVersion = 15.0.1;
						TestTargetID = C4445E152AEFBFAD00BB9504;
					};
					C4445E302AEFBFAF00BB9504 = {
						CreatedOnToolsVersion = 15.0.1;
						TestTargetID = C4445E152AEFBFAD00BB9504;
					};
				};
			};
			buildConfigurationList = C4445E112AEFBFAD00BB9504 /* Build configuration list for PBXProject "StarlightDiary" */;
			compatibilityVersion = "Xcode 14.0";
			developmentRegion = en;
			hasScannedForEncodings = 0;
			knownRegions = (
				en,
				Base,
				"zh-Hans",
			);
			mainGroup = C4445E0D2AEFBFAD00BB9504;
			productRefGroup = C4445E172AEFBFAD00BB9504 /* Products */;
			projectDirPath = "";
			projectRoot = "";
			targets = (
				C4445E152AEFBFAD00BB9504 /* StarlightDiary */,
				C4445E262AEFBFAE00BB9504 /* StarlightDiaryTests */,
				C4445E302AEFBFAF00BB9504 /* StarlightDiaryUITests */,
			);
		};
/* End PBXProject section */

/* Begin PBXResourcesBuildPhase section */
		C4445E142AEFBFAD00BB9504 /* Resources */ = {
			isa = PBXResourcesBuildPhase;
			buildActionMask = 2147483647;
			files = (
				C4445EB62AEFC53300BB9504 /* heart5.json in Resources */,
				C4445EB82AEFC53300BB9504 /* heart4.json in Resources */,
				C4445EBC2AEFC53300BB9504 /* Ubuntu Mono derivative Powerline Bold.ttf in Resources */,
				C4445EB92AEFC53300BB9504 /* hi.json in Resources */,
				C4445EC52AEFC54500BB9504 /* Localizable.strings in Resources */,
				C4445EBB2AEFC53300BB9504 /* Ubuntu Mono derivative Powerline.ttf in Resources */,
				C4445EB72AEFC53300BB9504 /* arrow.json in Resources */,
				C4445E222AEFBFAE00BB9504 /* Preview Assets.xcassets in Resources */,
				C4445EB22AEFC53300BB9504 /* heart3.json in Resources */,
				C4445EB12AEFC53300BB9504 /* Preview Assets.xcassets in Resources */,
				C4445EB42AEFC53300BB9504 /* write.json in Resources */,
				C4445E592AEFC26C00BB9504 /* Assets.xcassets in Resources */,
				C4445EB32AEFC53300BB9504 /* heart2.json in Resources */,
				C4445EB52AEFC53300BB9504 /* listening-music.json in Resources */,
				C4445EB02AEFC53300BB9504 /* mmDiaryStore.storekit in Resources */,
				C4445EC12AEFC53D00BB9504 /* Localizable.strings in Resources */,
				C4445EBD2AEFC53300BB9504 /* SmileySans-Oblique.ttf in Resources */,
			);
			runOnlyForDeploymentPostprocessing = 0;
		};
		C4445E252AEFBFAE00BB9504 /* Resources */ = {
			isa = PBXResourcesBuildPhase;
			buildActionMask = 2147483647;
			files = (
			);
			runOnlyForDeploymentPostprocessing = 0;
		};
		C4445E2F2AEFBFAF00BB9504 /* Resources */ = {
			isa = PBXResourcesBuildPhase;
			buildActionMask = 2147483647;
			files = (
			);
			runOnlyForDeploymentPostprocessing = 0;
		};
/* End PBXResourcesBuildPhase section */

/* Begin PBXSourcesBuildPhase section */
		C4445E122AEFBFAD00BB9504 /* Sources */ = {
			isa = PBXSourcesBuildPhase;
			buildActionMask = 2147483647;
			files = (
				C4445E8E2AEFC51B00BB9504 /* DiaryEditView.swift in Sources */,
				C4445E982AEFC52700BB9504 /* MyLottieVIew.swift in Sources */,
				C4445E8D2AEFC51B00BB9504 /* FavView.swift in Sources */,
				C4445E4A2AEFC14A00BB9504 /* DiaryViewModel.swift in Sources */,
				C4445E572AEFC23B00BB9504 /* StarlightDiary.xcdatamodeld in Sources */,
				C4445E852AEFC51B00BB9504 /* JournalView.swift in Sources */,
				C4445EBA2AEFC53300BB9504 /* Store.swift in Sources */,
				C4445E992AEFC52700BB9504 /* BlankButtonStyle.swift in Sources */,
				C4445E6C2AEFC41C00BB9504 /* FontStyle.swift in Sources */,
				C4445E8B2AEFC51B00BB9504 /* MyTextFieldWithUIKit.swift in Sources */,
				C4445E822AEFC51B00BB9504 /* AppearanceView.swift in Sources */,
				C4445E9A2AEFC52700BB9504 /* Color+.swift in Sources */,
				C4445E662AEFC41C00BB9504 /* AppIcon.swift in Sources */,
				C4445E842AEFC51B00BB9504 /* DiaryView.swift in Sources */,
				C4445E682AEFC41C00BB9504 /* Tab.swift in Sources */,
				C4445E6B2AEFC41C00BB9504 /* MoodType.swift in Sources */,
				C4445E9D2AEFC52700BB9504 /* Date+.swift in Sources */,
				C4445E692AEFC41C00BB9504 /* HeartColor.swift in Sources */,
				C4445E672AEFC41C00BB9504 /* PreferenceKey.swift in Sources */,
				C4445E1C2AEFBFAD00BB9504 /* ContentView.swift in Sources */,
				C4445E892AEFC51B00BB9504 /* DiaryCardLayOutView.swift in Sources */,
				C4445E8C2AEFC51B00BB9504 /* MyDatePicker.swift in Sources */,
				C4445E872AEFC51B00BB9504 /* DiaryCardView.swift in Sources */,
				C4445E862AEFC51B00BB9504 /* MinimalStyleMoodCard.swift in Sources */,
				C4445E9B2AEFC52700BB9504 /* MyFormatter.swift in Sources */,
				C4445E6A2AEFC41C00BB9504 /* Theme.swift in Sources */,
				C4445E1A2AEFBFAD00BB9504 /* StarlightDiaryApp.swift in Sources */,
				C4445E8F2AEFC51C00BB9504 /* SettingView.swift in Sources */,
				C4445E832AEFC51B00BB9504 /* DefaultDiaryView.swift in Sources */,
				C4445E882AEFC51B00BB9504 /* DiaryListView.swift in Sources */,
				C4445E5D2AEFC28F00BB9504 /* MyTabView.swift in Sources */,
				C4445E8A2AEFC51B00BB9504 /* MyToastAlertView.swift in Sources */,
				C4445E9C2AEFC52700BB9504 /* UIPickerView+.swift in Sources */,
			);
			runOnlyForDeploymentPostprocessing = 0;
		};
		C4445E232AEFBFAE00BB9504 /* Sources */ = {
			isa = PBXSourcesBuildPhase;
			buildActionMask = 2147483647;
			files = (
				C4445E2C2AEFBFAE00BB9504 /* StarlightDiaryTests.swift in Sources */,
			);
			runOnlyForDeploymentPostprocessing = 0;
		};
		C4445E2D2AEFBFAF00BB9504 /* Sources */ = {
			isa = PBXSourcesBuildPhase;
			buildActionMask = 2147483647;
			files = (
				C4445E362AEFBFAF00BB9504 /* StarlightDiaryUITests.swift in Sources */,
				C4445E382AEFBFAF00BB9504 /* StarlightDiaryUITestsLaunchTests.swift in Sources */,
			);
			runOnlyForDeploymentPostprocessing = 0;
		};
/* End PBXSourcesBuildPhase section */

/* Begin PBXTargetDependency section */
		C4445E292AEFBFAE00BB9504 /* PBXTargetDependency */ = {
			isa = PBXTargetDependency;
			target = C4445E152AEFBFAD00BB9504 /* StarlightDiary */;
			targetProxy = C4445E282AEFBFAE00BB9504 /* PBXContainerItemProxy */;
		};
		C4445E332AEFBFAF00BB9504 /* PBXTargetDependency */ = {
			isa = PBXTargetDependency;
			target = C4445E152AEFBFAD00BB9504 /* StarlightDiary */;
			targetProxy = C4445E322AEFBFAF00BB9504 /* PBXContainerItemProxy */;
		};
/* End PBXTargetDependency section */

/* Begin PBXVariantGroup section */
		C4445EBF2AEFC53D00BB9504 /* Localizable.strings */ = {
			isa = PBXVariantGroup;
			children = (
				C4445EC02AEFC53D00BB9504 /* zh-Hans */,
			);
			name = Localizable.strings;
			sourceTree = "<group>";
		};
		C4445EC32AEFC54400BB9504 /* Localizable.strings */ = {
			isa = PBXVariantGroup;
			children = (
				C4445EC42AEFC54400BB9504 /* en */,
			);
			name = Localizable.strings;
			sourceTree = "<group>";
		};
/* End PBXVariantGroup section */

/* Begin XCBuildConfiguration section */
		C4445E392AEFBFAF00BB9504 /* Debug */ = {
			isa = XCBuildConfiguration;
			buildSettings = {
				ALWAYS_SEARCH_USER_PATHS = NO;
				ASSETCATALOG_COMPILER_GENERATE_SWIFT_ASSET_SYMBOL_EXTENSIONS = YES;
				CLANG_ANALYZER_NONNULL = YES;
				CLANG_ANALYZER_NUMBER_OBJECT_CONVERSION = YES_AGGRESSIVE;
				CLANG_CXX_LANGUAGE_STANDARD = "gnu++20";
				CLANG_ENABLE_MODULES = YES;
				CLANG_ENABLE_OBJC_ARC = YES;
				CLANG_ENABLE_OBJC_WEAK = YES;
				CLANG_WARN_BLOCK_CAPTURE_AUTORELEASING = YES;
				CLANG_WARN_BOOL_CONVERSION = YES;
				CLANG_WARN_COMMA = YES;
				CLANG_WARN_CONSTANT_CONVERSION = YES;
				CLANG_WARN_DEPRECATED_OBJC_IMPLEMENTATIONS = YES;
				CLANG_WARN_DIRECT_OBJC_ISA_USAGE = YES_ERROR;
				CLANG_WARN_DOCUMENTATION_COMMENTS = YES;
				CLANG_WARN_EMPTY_BODY = YES;
				CLANG_WARN_ENUM_CONVERSION = YES;
				CLANG_WARN_INFINITE_RECURSION = YES;
				CLANG_WARN_INT_CONVERSION = YES;
				CLANG_WARN_NON_LITERAL_NULL_CONVERSION = YES;
				CLANG_WARN_OBJC_IMPLICIT_RETAIN_SELF = YES;
				CLANG_WARN_OBJC_LITERAL_CONVERSION = YES;
				CLANG_WARN_OBJC_ROOT_CLASS = YES_ERROR;
				CLANG_WARN_QUOTED_INCLUDE_IN_FRAMEWORK_HEADER = YES;
				CLANG_WARN_RANGE_LOOP_ANALYSIS = YES;
				CLANG_WARN_STRICT_PROTOTYPES = YES;
				CLANG_WARN_SUSPICIOUS_MOVE = YES;
				CLANG_WARN_UNGUARDED_AVAILABILITY = YES_AGGRESSIVE;
				CLANG_WARN_UNREACHABLE_CODE = YES;
				CLANG_WARN__DUPLICATE_METHOD_MATCH = YES;
				COPY_PHASE_STRIP = NO;
				DEBUG_INFORMATION_FORMAT = dwarf;
				ENABLE_STRICT_OBJC_MSGSEND = YES;
				ENABLE_TESTABILITY = YES;
				ENABLE_USER_SCRIPT_SANDBOXING = YES;
				GCC_C_LANGUAGE_STANDARD = gnu17;
				GCC_DYNAMIC_NO_PIC = NO;
				GCC_NO_COMMON_BLOCKS = YES;
				GCC_OPTIMIZATION_LEVEL = 0;
				GCC_PREPROCESSOR_DEFINITIONS = (
					"DEBUG=1",
					"$(inherited)",
				);
				GCC_WARN_64_TO_32_BIT_CONVERSION = YES;
				GCC_WARN_ABOUT_RETURN_TYPE = YES_ERROR;
				GCC_WARN_UNDECLARED_SELECTOR = YES;
				GCC_WARN_UNINITIALIZED_AUTOS = YES_AGGRESSIVE;
				GCC_WARN_UNUSED_FUNCTION = YES;
				GCC_WARN_UNUSED_VARIABLE = YES;
				IPHONEOS_DEPLOYMENT_TARGET = 15.6;
				LOCALIZATION_PREFERS_STRING_CATALOGS = YES;
				MTL_ENABLE_DEBUG_INFO = INCLUDE_SOURCE;
				MTL_FAST_MATH = YES;
				ONLY_ACTIVE_ARCH = YES;
				SWIFT_ACTIVE_COMPILATION_CONDITIONS = "DEBUG $(inherited)";
				SWIFT_OPTIMIZATION_LEVEL = "-Onone";
			};
			name = Debug;
		};
		C4445E3A2AEFBFAF00BB9504 /* Release */ = {
			isa = XCBuildConfiguration;
			buildSettings = {
				ALWAYS_SEARCH_USER_PATHS = NO;
				ASSETCATALOG_COMPILER_GENERATE_SWIFT_ASSET_SYMBOL_EXTENSIONS = YES;
				CLANG_ANALYZER_NONNULL = YES;
				CLANG_ANALYZER_NUMBER_OBJECT_CONVERSION = YES_AGGRESSIVE;
				CLANG_CXX_LANGUAGE_STANDARD = "gnu++20";
				CLANG_ENABLE_MODULES = YES;
				CLANG_ENABLE_OBJC_ARC = YES;
				CLANG_ENABLE_OBJC_WEAK = YES;
				CLANG_WARN_BLOCK_CAPTURE_AUTORELEASING = YES;
				CLANG_WARN_BOOL_CONVERSION = YES;
				CLANG_WARN_COMMA = YES;
				CLANG_WARN_CONSTANT_CONVERSION = YES;
				CLANG_WARN_DEPRECATED_OBJC_IMPLEMENTATIONS = YES;
				CLANG_WARN_DIRECT_OBJC_ISA_USAGE = YES_ERROR;
				CLANG_WARN_DOCUMENTATION_COMMENTS = YES;
				CLANG_WARN_EMPTY_BODY = YES;
				CLANG_WARN_ENUM_CONVERSION = YES;
				CLANG_WARN_INFINITE_RECURSION = YES;
				CLANG_WARN_INT_CONVERSION = YES;
				CLANG_WARN_NON_LITERAL_NULL_CONVERSION = YES;
				CLANG_WARN_OBJC_IMPLICIT_RETAIN_SELF = YES;
				CLANG_WARN_OBJC_LITERAL_CONVERSION = YES;
				CLANG_WARN_OBJC_ROOT_CLASS = YES_ERROR;
				CLANG_WARN_QUOTED_INCLUDE_IN_FRAMEWORK_HEADER = YES;
				CLANG_WARN_RANGE_LOOP_ANALYSIS = YES;
				CLANG_WARN_STRICT_PROTOTYPES = YES;
				CLANG_WARN_SUSPICIOUS_MOVE = YES;
				CLANG_WARN_UNGUARDED_AVAILABILITY = YES_AGGRESSIVE;
				CLANG_WARN_UNREACHABLE_CODE = YES;
				CLANG_WARN__DUPLICATE_METHOD_MATCH = YES;
				COPY_PHASE_STRIP = NO;
				DEBUG_INFORMATION_FORMAT = "dwarf-with-dsym";
				ENABLE_NS_ASSERTIONS = NO;
				ENABLE_STRICT_OBJC_MSGSEND = YES;
				ENABLE_USER_SCRIPT_SANDBOXING = YES;
				GCC_C_LANGUAGE_STANDARD = gnu17;
				GCC_NO_COMMON_BLOCKS = YES;
				GCC_WARN_64_TO_32_BIT_CONVERSION = YES;
				GCC_WARN_ABOUT_RETURN_TYPE = YES_ERROR;
				GCC_WARN_UNDECLARED_SELECTOR = YES;
				GCC_WARN_UNINITIALIZED_AUTOS = YES_AGGRESSIVE;
				GCC_WARN_UNUSED_FUNCTION = YES;
				GCC_WARN_UNUSED_VARIABLE = YES;
				IPHONEOS_DEPLOYMENT_TARGET = 15.6;
				LOCALIZATION_PREFERS_STRING_CATALOGS = YES;
				MTL_ENABLE_DEBUG_INFO = NO;
				MTL_FAST_MATH = YES;
				SWIFT_COMPILATION_MODE = wholemodule;
			};
			name = Release;
		};
		C4445E3C2AEFBFAF00BB9504 /* Debug */ = {
			isa = XCBuildConfiguration;
			buildSettings = {
				ASSETCATALOG_COMPILER_APPICON_NAME = "AppIcon 1";
				ASSETCATALOG_COMPILER_GLOBAL_ACCENT_COLOR_NAME = AccentColor;
				CODE_SIGN_ENTITLEMENTS = StarlightDiary/StarlightDiary.entitlements;
				CODE_SIGN_STYLE = Automatic;
				CURRENT_PROJECT_VERSION = 1;
				DEVELOPMENT_ASSET_PATHS = "StarlightDiary/Preview\\ Content StarlightDiary/Assets.xcassets";
				DEVELOPMENT_TEAM = DSHX4V92NH;
				ENABLE_HARDENED_RUNTIME = YES;
				ENABLE_PREVIEWS = YES;
				GENERATE_INFOPLIST_FILE = YES;
				INFOPLIST_KEY_LSApplicationCategoryType = "public.app-category.utilities";
				"INFOPLIST_KEY_UIApplicationSceneManifest_Generation[sdk=iphoneos*]" = YES;
				"INFOPLIST_KEY_UIApplicationSceneManifest_Generation[sdk=iphonesimulator*]" = YES;
				"INFOPLIST_KEY_UIApplicationSupportsIndirectInputEvents[sdk=iphoneos*]" = YES;
				"INFOPLIST_KEY_UIApplicationSupportsIndirectInputEvents[sdk=iphonesimulator*]" = YES;
				"INFOPLIST_KEY_UILaunchScreen_Generation[sdk=iphoneos*]" = YES;
				"INFOPLIST_KEY_UILaunchScreen_Generation[sdk=iphonesimulator*]" = YES;
				"INFOPLIST_KEY_UIStatusBarStyle[sdk=iphoneos*]" = UIStatusBarStyleDefault;
				"INFOPLIST_KEY_UIStatusBarStyle[sdk=iphonesimulator*]" = UIStatusBarStyleDefault;
				INFOPLIST_KEY_UISupportedInterfaceOrientations_iPad = "UIInterfaceOrientationPortrait UIInterfaceOrientationPortraitUpsideDown UIInterfaceOrientationLandscapeLeft UIInterfaceOrientationLandscapeRight";
				INFOPLIST_KEY_UISupportedInterfaceOrientations_iPhone = "UIInterfaceOrientationPortrait UIInterfaceOrientationLandscapeLeft UIInterfaceOrientationLandscapeRight";
				IPHONEOS_DEPLOYMENT_TARGET = 15.6;
				LD_RUNPATH_SEARCH_PATHS = "@executable_path/Frameworks";
				"LD_RUNPATH_SEARCH_PATHS[sdk=macosx*]" = "@executable_path/../Frameworks";
				MACOSX_DEPLOYMENT_TARGET = 14.0;
				MARKETING_VERSION = 0.8.1;
				PRODUCT_BUNDLE_IDENTIFIER = wxm.StarlightDiary;
				PRODUCT_NAME = "$(TARGET_NAME)";
				SDKROOT = auto;
				SUPPORTED_PLATFORMS = "iphoneos iphonesimulator";
				SUPPORTS_MACCATALYST = NO;
				SWIFT_EMIT_LOC_STRINGS = YES;
				SWIFT_VERSION = 5.0;
				TARGETED_DEVICE_FAMILY = "1,2";
			};
			name = Debug;
		};
		C4445E3D2AEFBFAF00BB9504 /* Release */ = {
			isa = XCBuildConfiguration;
			buildSettings = {
				ASSETCATALOG_COMPILER_APPICON_NAME = "AppIcon 1";
				ASSETCATALOG_COMPILER_GLOBAL_ACCENT_COLOR_NAME = AccentColor;
				CODE_SIGN_ENTITLEMENTS = StarlightDiary/StarlightDiary.entitlements;
				CODE_SIGN_STYLE = Automatic;
				CURRENT_PROJECT_VERSION = 1;
				DEVELOPMENT_ASSET_PATHS = "StarlightDiary/Preview\\ Content StarlightDiary/Assets.xcassets";
				DEVELOPMENT_TEAM = DSHX4V92NH;
				ENABLE_HARDENED_RUNTIME = YES;
				ENABLE_PREVIEWS = YES;
				GENERATE_INFOPLIST_FILE = YES;
				INFOPLIST_KEY_LSApplicationCategoryType = "public.app-category.utilities";
				"INFOPLIST_KEY_UIApplicationSceneManifest_Generation[sdk=iphoneos*]" = YES;
				"INFOPLIST_KEY_UIApplicationSceneManifest_Generation[sdk=iphonesimulator*]" = YES;
				"INFOPLIST_KEY_UIApplicationSupportsIndirectInputEvents[sdk=iphoneos*]" = YES;
				"INFOPLIST_KEY_UIApplicationSupportsIndirectInputEvents[sdk=iphonesimulator*]" = YES;
				"INFOPLIST_KEY_UILaunchScreen_Generation[sdk=iphoneos*]" = YES;
				"INFOPLIST_KEY_UILaunchScreen_Generation[sdk=iphonesimulator*]" = YES;
				"INFOPLIST_KEY_UIStatusBarStyle[sdk=iphoneos*]" = UIStatusBarStyleDefault;
				"INFOPLIST_KEY_UIStatusBarStyle[sdk=iphonesimulator*]" = UIStatusBarStyleDefault;
				INFOPLIST_KEY_UISupportedInterfaceOrientations_iPad = "UIInterfaceOrientationPortrait UIInterfaceOrientationPortraitUpsideDown UIInterfaceOrientationLandscapeLeft UIInterfaceOrientationLandscapeRight";
				INFOPLIST_KEY_UISupportedInterfaceOrientations_iPhone = "UIInterfaceOrientationPortrait UIInterfaceOrientationLandscapeLeft UIInterfaceOrientationLandscapeRight";
				IPHONEOS_DEPLOYMENT_TARGET = 15.6;
				LD_RUNPATH_SEARCH_PATHS = "@executable_path/Frameworks";
				"LD_RUNPATH_SEARCH_PATHS[sdk=macosx*]" = "@executable_path/../Frameworks";
				MACOSX_DEPLOYMENT_TARGET = 14.0;
				MARKETING_VERSION = 0.8.1;
				PRODUCT_BUNDLE_IDENTIFIER = wxm.StarlightDiary;
				PRODUCT_NAME = "$(TARGET_NAME)";
				SDKROOT = auto;
				SUPPORTED_PLATFORMS = "iphoneos iphonesimulator";
				SUPPORTS_MACCATALYST = NO;
				SWIFT_EMIT_LOC_STRINGS = YES;
				SWIFT_VERSION = 5.0;
				TARGETED_DEVICE_FAMILY = "1,2";
			};
			name = Release;
		};
		C4445E3F2AEFBFAF00BB9504 /* Debug */ = {
			isa = XCBuildConfiguration;
			buildSettings = {
				ALWAYS_EMBED_SWIFT_STANDARD_LIBRARIES = YES;
				BUNDLE_LOADER = "$(TEST_HOST)";
				CODE_SIGN_STYLE = Automatic;
				CURRENT_PROJECT_VERSION = 1;
				DEVELOPMENT_TEAM = DSHX4V92NH;
				GENERATE_INFOPLIST_FILE = YES;
				IPHONEOS_DEPLOYMENT_TARGET = 17.0;
				MACOSX_DEPLOYMENT_TARGET = 14.0;
				MARKETING_VERSION = 1.0;
				PRODUCT_BUNDLE_IDENTIFIER = wxmvv.StarlightDiaryTests;
				PRODUCT_NAME = "$(TARGET_NAME)";
				SDKROOT = auto;
				SUPPORTED_PLATFORMS = "iphoneos iphonesimulator macosx";
				SWIFT_EMIT_LOC_STRINGS = NO;
				SWIFT_VERSION = 5.0;
				TARGETED_DEVICE_FAMILY = "1,2";
				TEST_HOST = "$(BUILT_PRODUCTS_DIR)/StarlightDiary.app/$(BUNDLE_EXECUTABLE_FOLDER_PATH)/StarlightDiary";
			};
			name = Debug;
		};
		C4445E402AEFBFAF00BB9504 /* Release */ = {
			isa = XCBuildConfiguration;
			buildSettings = {
				ALWAYS_EMBED_SWIFT_STANDARD_LIBRARIES = YES;
				BUNDLE_LOADER = "$(TEST_HOST)";
				CODE_SIGN_STYLE = Automatic;
				CURRENT_PROJECT_VERSION = 1;
				DEVELOPMENT_TEAM = DSHX4V92NH;
				GENERATE_INFOPLIST_FILE = YES;
				IPHONEOS_DEPLOYMENT_TARGET = 17.0;
				MACOSX_DEPLOYMENT_TARGET = 14.0;
				MARKETING_VERSION = 1.0;
				PRODUCT_BUNDLE_IDENTIFIER = wxmvv.StarlightDiaryTests;
				PRODUCT_NAME = "$(TARGET_NAME)";
				SDKROOT = auto;
				SUPPORTED_PLATFORMS = "iphoneos iphonesimulator macosx";
				SWIFT_EMIT_LOC_STRINGS = NO;
				SWIFT_VERSION = 5.0;
				TARGETED_DEVICE_FAMILY = "1,2";
				TEST_HOST = "$(BUILT_PRODUCTS_DIR)/StarlightDiary.app/$(BUNDLE_EXECUTABLE_FOLDER_PATH)/StarlightDiary";
			};
			name = Release;
		};
		C4445E422AEFBFAF00BB9504 /* Debug */ = {
			isa = XCBuildConfiguration;
			buildSettings = {
				ALWAYS_EMBED_SWIFT_STANDARD_LIBRARIES = YES;
				CODE_SIGN_STYLE = Automatic;
				CURRENT_PROJECT_VERSION = 1;
				DEVELOPMENT_TEAM = DSHX4V92NH;
				GENERATE_INFOPLIST_FILE = YES;
				IPHONEOS_DEPLOYMENT_TARGET = 17.0;
				MACOSX_DEPLOYMENT_TARGET = 14.0;
				MARKETING_VERSION = 1.0;
				PRODUCT_BUNDLE_IDENTIFIER = wxmvv.StarlightDiaryUITests;
				PRODUCT_NAME = "$(TARGET_NAME)";
				SDKROOT = auto;
				SUPPORTED_PLATFORMS = "iphoneos iphonesimulator macosx";
				SWIFT_EMIT_LOC_STRINGS = NO;
				SWIFT_VERSION = 5.0;
				TARGETED_DEVICE_FAMILY = "1,2";
				TEST_TARGET_NAME = StarlightDiary;
			};
			name = Debug;
		};
		C4445E432AEFBFAF00BB9504 /* Release */ = {
			isa = XCBuildConfiguration;
			buildSettings = {
				ALWAYS_EMBED_SWIFT_STANDARD_LIBRARIES = YES;
				CODE_SIGN_STYLE = Automatic;
				CURRENT_PROJECT_VERSION = 1;
				DEVELOPMENT_TEAM = DSHX4V92NH;
				GENERATE_INFOPLIST_FILE = YES;
				IPHONEOS_DEPLOYMENT_TARGET = 17.0;
				MACOSX_DEPLOYMENT_TARGET = 14.0;
				MARKETING_VERSION = 1.0;
				PRODUCT_BUNDLE_IDENTIFIER = wxmvv.StarlightDiaryUITests;
				PRODUCT_NAME = "$(TARGET_NAME)";
				SDKROOT = auto;
				SUPPORTED_PLATFORMS = "iphoneos iphonesimulator macosx";
				SWIFT_EMIT_LOC_STRINGS = NO;
				SWIFT_VERSION = 5.0;
				TARGETED_DEVICE_FAMILY = "1,2";
				TEST_TARGET_NAME = StarlightDiary;
			};
			name = Release;
		};
/* End XCBuildConfiguration section */

/* Begin XCConfigurationList section */
		C4445E112AEFBFAD00BB9504 /* Build configuration list for PBXProject "StarlightDiary" */ = {
			isa = XCConfigurationList;
			buildConfigurations = (
				C4445E392AEFBFAF00BB9504 /* Debug */,
				C4445E3A2AEFBFAF00BB9504 /* Release */,
			);
			defaultConfigurationIsVisible = 0;
			defaultConfigurationName = Release;
		};
		C4445E3B2AEFBFAF00BB9504 /* Build configuration list for PBXNativeTarget "StarlightDiary" */ = {
			isa = XCConfigurationList;
			buildConfigurations = (
				C4445E3C2AEFBFAF00BB9504 /* Debug */,
				C4445E3D2AEFBFAF00BB9504 /* Release */,
			);
			defaultConfigurationIsVisible = 0;
			defaultConfigurationName = Release;
		};
		C4445E3E2AEFBFAF00BB9504 /* Build configuration list for PBXNativeTarget "StarlightDiaryTests" */ = {
			isa = XCConfigurationList;
			buildConfigurations = (
				C4445E3F2AEFBFAF00BB9504 /* Debug */,
				C4445E402AEFBFAF00BB9504 /* Release */,
			);
			defaultConfigurationIsVisible = 0;
			defaultConfigurationName = Release;
		};
		C4445E412AEFBFAF00BB9504 /* Build configuration list for PBXNativeTarget "StarlightDiaryUITests" */ = {
			isa = XCConfigurationList;
			buildConfigurations = (
				C4445E422AEFBFAF00BB9504 /* Debug */,
				C4445E432AEFBFAF00BB9504 /* Release */,
			);
			defaultConfigurationIsVisible = 0;
			defaultConfigurationName = Release;
		};
/* End XCConfigurationList section */

/* Begin XCVersionGroup section */
		C4445E552AEFC23B00BB9504 /* StarlightDiary.xcdatamodeld */ = {
			isa = XCVersionGroup;
			children = (
				C4445E562AEFC23B00BB9504 /* mwDiary.xcdatamodel */,
			);
			currentVersion = C4445E562AEFC23B00BB9504 /* mwDiary.xcdatamodel */;
			path = StarlightDiary.xcdatamodeld;
			sourceTree = "<group>";
			versionGroupType = wrapper.xcdatamodel;
		};
/* End XCVersionGroup section */
	};
	rootObject = C4445E0E2AEFBFAD00BB9504 /* Project object */;
}
